
Microsoft Visual Studio Solution File, Format Version 12.00
# Visual Studio 15
VisualStudioVersion = 15.0.26730.16
MinimumVisualStudioVersion = 10.0.40219.1
Project("{FAE04EC0-301F-11D3-BF4B-00C04F79EFBC}") = "Lab1_X", "PracticeProgramming\Lab1_X.csproj", "{7597E47B-0C84-4566-943D-A8895958DD2C}"
EndProject
Project("{FAE04EC0-301F-11D3-BF4B-00C04F79EFBC}") = "Lab2_X", "Lab2\Lab2_X.csproj", "{F8F4415D-8AFC-4DB1-A6F2-810679872EAA}"
EndProject
Project("{FAE04EC0-301F-11D3-BF4B-00C04F79EFBC}") = "DzLab1_X", "DzLab1\DzLab1_X.csproj", "{42A1BBDA-3FF8-4672-9788-8CB159A9B080}"
EndProject
Project("{FAE04EC0-301F-11D3-BF4B-00C04F79EFBC}") = "DzLab3.1", "DzLab3.1\DzLab3.1.csproj", "{476EBF2A-C10E-40A7-8A12-BF458C0EB2E5}"
EndProject
Project("{FAE04EC0-301F-11D3-BF4B-00C04F79EFBC}") = "DzLAB3.2", "DzLAB3.2\DzLAB3.2.csproj", "{6AFD9F39-8A73-4B77-A388-AB912F5F730B}"
EndProject
Project("{FAE04EC0-301F-11D3-BF4B-00C04F79EFBC}") = "LabOwn(4_1)", "LabOwn(4_1)\LabOwn(4_1).csproj", "{F1E87465-3980-4518-9B29-D7E0F5EA21B9}"
EndProject
Project("{FAE04EC0-301F-11D3-BF4B-00C04F79EFBC}") = "DzOwn_2(1)_var2", "DzLab4_2(1)_var2\DzOwn_2(1)_var2.csproj", "{DBF85AFE-C7A8-4CA0-8D62-8AEB756EAF25}"
EndProject
Project("{FAE04EC0-301F-11D3-BF4B-00C04F79EFBC}") = "DzOwn_2(2)", "DzOwn_2(2)\DzOwn_2(2).csproj", "{74F1607B-2B38-45C6-BACA-D52F11038930}"
EndProject
Project("{FAE04EC0-301F-11D3-BF4B-00C04F79EFBC}") = "DzOwn4_2(3)", "DzOwn4_2(3)\DzOwn4_2(3).csproj", "{4A1D90EC-A4E3-4CD8-8F49-DDBD1403D19E}"
EndProject
Project("{FAE04EC0-301F-11D3-BF4B-00C04F79EFBC}") = "DzOwn4_2(4)", "DzOwn4_2(4)\DzOwn4_2(4).csproj", "{823D796A-2BE7-4882-8617-FC4479A6F284}"
EndProject
Project("{FAE04EC0-301F-11D3-BF4B-00C04F79EFBC}") = "DzOwn4_2(5)", "DzOwn4_2(5)\DzOwn4_2(5).csproj", "{31AADF95-9F14-4CE9-A63E-1001CA155CF9}"
EndProject
Project("{FAE04EC0-301F-11D3-BF4B-00C04F79EFBC}") = "DzOwn4_2(6)", "DzOwn4_2(6)\DzOwn4_2(6).csproj", "{C21E33A6-D6DE-4558-9E67-7C19277DC2D8}"
EndProject
Project("{FAE04EC0-301F-11D3-BF4B-00C04F79EFBC}") = "LabDz4_3(1)", "LabDz4_3(1)\LabDz4_3(1).csproj", "{1E4FCC1F-FE59-4901-8BD3-28B12BB6DF61}"
EndProject
Project("{FAE04EC0-301F-11D3-BF4B-00C04F79EFBC}") = "LabDz4_3(2)", "LabDz4_3(2)\LabDz4_3(2).csproj", "{3EFDB5A2-DE04-4B8B-825B-D70F714A48E7}"
EndProject
Project("{FAE04EC0-301F-11D3-BF4B-00C04F79EFBC}") = "DzLab4_3(3)", "DzLab4_3(3)\DzLab4_3(3).csproj", "{617D0A9F-C0C3-4198-9D32-1D9C6824F29C}"
EndProject
Project("{FAE04EC0-301F-11D3-BF4B-00C04F79EFBC}") = "DzLab4_3(4)", "DzLab4_3(4)\DzLab4_3(4).csproj", "{71332D16-AFF2-4F27-8548-465C5006DFAE}"
EndProject
Project("{FAE04EC0-301F-11D3-BF4B-00C04F79EFBC}") = "DzLab4_3(5)", "DzLab4_3(5)\DzLab4_3(5).csproj", "{D985DA83-AE27-48A2-BDA6-BD23F04A6A59}"
EndProject
Project("{FAE04EC0-301F-11D3-BF4B-00C04F79EFBC}") = "DzLab4_3(6)", "DzLab4_3(6)\DzLab4_3(6).csproj", "{679752A8-7EAC-4101-8F90-06CAD33AEE49}"
EndProject
Project("{FAE04EC0-301F-11D3-BF4B-00C04F79EFBC}") = "LabGraphics", "LabGraphics\LabGraphics.csproj", "{476DEB74-985F-45AF-A8E3-D7A556C9F822}"
EndProject
Project("{FAE04EC0-301F-11D3-BF4B-00C04F79EFBC}") = "Lab4(2_works)", "Lab4(2_works)\Lab4(2_works).csproj", "{3E71AF0F-CE1E-4206-931E-420D88A4AF07}"
EndProject
Project("{FAE04EC0-301F-11D3-BF4B-00C04F79EFBC}") = "Lab5_1(2 works)", "Lab5\Lab5_1(2 works).csproj", "{8C27A50C-1D76-4472-9908-550911FFDB8E}"
EndProject
Project("{FAE04EC0-301F-11D3-BF4B-00C04F79EFBC}") = "Lab5__2", "Lab5__2\Lab5__2.csproj", "{47792E18-19EE-4FE1-9C96-39EAEADC86A7}"
EndProject
Project("{FAE04EC0-301F-11D3-BF4B-00C04F79EFBC}") = "Lab6", "Lab6\Lab6.csproj", "{DD0DC338-79F4-410A-8FF8-0BFF0CCD80A4}"
EndProject
Project("{FAE04EC0-301F-11D3-BF4B-00C04F79EFBC}") = "Lab_Teilor", "Lab_Teilor\Lab_Teilor.csproj", "{54F1558C-24D2-4FB4-ABF5-CD96DA9F03FD}"
EndProject
Project("{FAE04EC0-301F-11D3-BF4B-00C04F79EFBC}") = "Lab_Pavlovskaya5lab", "Lab_Pavlovskaya5lab\Lab_Pavlovskaya5lab.csproj", "{CF9EA96A-0A8F-47C6-B264-F1D748E0424E}"
EndProject
Project("{FAE04EC0-301F-11D3-BF4B-00C04F79EFBC}") = "LAb_Pavlovskaya6", "LAb_Pavlovskaya6\LAb_Pavlovskaya6.csproj", "{777A9326-543D-4F61-B3D4-7D58F61DB761}"
EndProject
Project("{FAE04EC0-301F-11D3-BF4B-00C04F79EFBC}") = "Lab7Pavlovskaya", "Lab7Pavlovskaya\Lab7Pavlovskaya.csproj", "{60BFFBB2-3262-493A-8F2B-467CEE69C745}"
EndProject
Project("{FAE04EC0-301F-11D3-BF4B-00C04F79EFBC}") = "Lab8Pavlovskaya", "Lab8Pavlovskaya\Lab8Pavlovskaya.csproj", "{71C48ABB-83F1-4207-9D65-75C0134058E8}"
EndProject
Project("{FAE04EC0-301F-11D3-BF4B-00C04F79EFBC}") = "Lab4Pavlovskaya", "Lab4Pavlovskaya\Lab4Pavlovskaya.csproj", "{D9F0BBC6-C329-4E90-AD06-7934C407F692}"
EndProject
Project("{FAE04EC0-301F-11D3-BF4B-00C04F79EFBC}") = "Lab7Pupcev2variant", "Lab7Pupcev2variant\Lab7Pupcev2variant.csproj", "{C76EFD01-8A8E-4B1F-8ED7-44574AC9AB36}"
EndProject
Project("{FAE04EC0-301F-11D3-BF4B-00C04F79EFBC}") = "Lab8Pupcev2variant", "Lab8Pupcev2variant\Lab8Pupcev2variant.csproj", "{BA39E0C7-1F6D-46FC-8533-56AD99E3BDF7}"
EndProject
Project("{FAE04EC0-301F-11D3-BF4B-00C04F79EFBC}") = "ITK(6-9)", "ITK(6-8)\ITK(6-9).csproj", "{236810FD-BC3E-4918-A689-3DCE64828B80}"
EndProject
Project("{FAE04EC0-301F-11D3-BF4B-00C04F79EFBC}") = "for_nastya", "for_nastya\for_nastya.csproj", "{AF9F7548-54C2-4C26-88F5-7C49F72071E1}"
EndProject
Project("{FAE04EC0-301F-11D3-BF4B-00C04F79EFBC}") = "RolePlayLab", "RolePlayLab\RolePlayLab.csproj", "{A04E25BB-8B26-4A60-B59F-590CD699C3FC}"
EndProject
Project("{FAE04EC0-301F-11D3-BF4B-00C04F79EFBC}") = "RegularExpText", "RegularExpText\RegularExpText.csproj", "{8D212F60-255E-4770-B073-252F103906D6}"
EndProject
Project("{FAE04EC0-301F-11D3-BF4B-00C04F79EFBC}") = "OKR1", "OKR1\OKR1.csproj", "{2C2593CF-81FD-47F5-806C-0D4EED2A82E4}"
EndProject
Project("{FAE04EC0-301F-11D3-BF4B-00C04F79EFBC}") = "Templates1", "Templates1\Templates1.csproj", "{43F4892A-44AE-47C4-80C5-F53A9D8181AD}"
EndProject
Project("{FAE04EC0-301F-11D3-BF4B-00C04F79EFBC}") = "LINQ_requests", "LINQ_requests\LINQ_requests.csproj", "{BA10028F-7622-40D3-9C58-EBE8578EE779}"
EndProject
Project("{FAE04EC0-301F-11D3-BF4B-00C04F79EFBC}") = "unsafe_code", "unsafe_code\unsafe_code.csproj", "{3C56A854-F206-47B2-823D-2F9150762924}"
EndProject
Project("{FAE04EC0-301F-11D3-BF4B-00C04F79EFBC}") = "WindowsAppWPF", "WindowsAppWPF\WindowsAppWPF.csproj", "{C30595D2-5DB3-4B8C-8025-24DAB14C73E7}"
EndProject
Project("{FAE04EC0-301F-11D3-BF4B-00C04F79EFBC}") = "ITK_17", "ITK_17\ITK_17.csproj", "{63007E6B-D9C0-48F4-B8E2-8C6C87738F57}"
EndProject
Project("{FAE04EC0-301F-11D3-BF4B-00C04F79EFBC}") = "MyDLL", "MyDLL\MyDLL.csproj", "{74FE6E72-6138-49A2-91BC-9B282F0514BF}"
EndProject
Project("{FAE04EC0-301F-11D3-BF4B-00C04F79EFBC}") = "WpfAppLab", "WpfAppLab\WpfAppLab.csproj", "{0E5968E7-9AE8-4A90-B9B9-D693ED22F0DF}"
EndProject
Project("{FAE04EC0-301F-11D3-BF4B-00C04F79EFBC}") = "DrawLab", "koh\DrawLab.csproj", "{9DE05DD1-65E9-448D-9036-1EEDD1302200}"
EndProject
Project("{FAE04EC0-301F-11D3-BF4B-00C04F79EFBC}") = "ITK13", "ITK18\ITK13.csproj", "{41951663-3125-4127-B586-164C061ACCD1}"
EndProject
Global
	GlobalSection(SolutionConfigurationPlatforms) = preSolution
		Debug|Any CPU = Debug|Any CPU
		Debug|ARM = Debug|ARM
		Debug|x64 = Debug|x64
		Debug|x86 = Debug|x86
		Release|Any CPU = Release|Any CPU
		Release|ARM = Release|ARM
		Release|x64 = Release|x64
		Release|x86 = Release|x86
	EndGlobalSection
	GlobalSection(ProjectConfigurationPlatforms) = postSolution
		{7597E47B-0C84-4566-943D-A8895958DD2C}.Debug|Any CPU.ActiveCfg = Debug|Any CPU
		{7597E47B-0C84-4566-943D-A8895958DD2C}.Debug|Any CPU.Build.0 = Debug|Any CPU
		{7597E47B-0C84-4566-943D-A8895958DD2C}.Debug|ARM.ActiveCfg = Debug|Any CPU
		{7597E47B-0C84-4566-943D-A8895958DD2C}.Debug|ARM.Build.0 = Debug|Any CPU
		{7597E47B-0C84-4566-943D-A8895958DD2C}.Debug|x64.ActiveCfg = Debug|Any CPU
		{7597E47B-0C84-4566-943D-A8895958DD2C}.Debug|x64.Build.0 = Debug|Any CPU
		{7597E47B-0C84-4566-943D-A8895958DD2C}.Debug|x86.ActiveCfg = Debug|Any CPU
		{7597E47B-0C84-4566-943D-A8895958DD2C}.Debug|x86.Build.0 = Debug|Any CPU
		{7597E47B-0C84-4566-943D-A8895958DD2C}.Release|Any CPU.ActiveCfg = Release|Any CPU
		{7597E47B-0C84-4566-943D-A8895958DD2C}.Release|Any CPU.Build.0 = Release|Any CPU
		{7597E47B-0C84-4566-943D-A8895958DD2C}.Release|ARM.ActiveCfg = Release|Any CPU
		{7597E47B-0C84-4566-943D-A8895958DD2C}.Release|ARM.Build.0 = Release|Any CPU
		{7597E47B-0C84-4566-943D-A8895958DD2C}.Release|x64.ActiveCfg = Release|Any CPU
		{7597E47B-0C84-4566-943D-A8895958DD2C}.Release|x64.Build.0 = Release|Any CPU
		{7597E47B-0C84-4566-943D-A8895958DD2C}.Release|x86.ActiveCfg = Release|Any CPU
		{7597E47B-0C84-4566-943D-A8895958DD2C}.Release|x86.Build.0 = Release|Any CPU
		{F8F4415D-8AFC-4DB1-A6F2-810679872EAA}.Debug|Any CPU.ActiveCfg = Debug|Any CPU
		{F8F4415D-8AFC-4DB1-A6F2-810679872EAA}.Debug|Any CPU.Build.0 = Debug|Any CPU
		{F8F4415D-8AFC-4DB1-A6F2-810679872EAA}.Debug|ARM.ActiveCfg = Debug|Any CPU
		{F8F4415D-8AFC-4DB1-A6F2-810679872EAA}.Debug|ARM.Build.0 = Debug|Any CPU
		{F8F4415D-8AFC-4DB1-A6F2-810679872EAA}.Debug|x64.ActiveCfg = Debug|Any CPU
		{F8F4415D-8AFC-4DB1-A6F2-810679872EAA}.Debug|x64.Build.0 = Debug|Any CPU
		{F8F4415D-8AFC-4DB1-A6F2-810679872EAA}.Debug|x86.ActiveCfg = Debug|Any CPU
		{F8F4415D-8AFC-4DB1-A6F2-810679872EAA}.Debug|x86.Build.0 = Debug|Any CPU
		{F8F4415D-8AFC-4DB1-A6F2-810679872EAA}.Release|Any CPU.ActiveCfg = Release|Any CPU
		{F8F4415D-8AFC-4DB1-A6F2-810679872EAA}.Release|Any CPU.Build.0 = Release|Any CPU
		{F8F4415D-8AFC-4DB1-A6F2-810679872EAA}.Release|ARM.ActiveCfg = Release|Any CPU
		{F8F4415D-8AFC-4DB1-A6F2-810679872EAA}.Release|ARM.Build.0 = Release|Any CPU
		{F8F4415D-8AFC-4DB1-A6F2-810679872EAA}.Release|x64.ActiveCfg = Release|Any CPU
		{F8F4415D-8AFC-4DB1-A6F2-810679872EAA}.Release|x64.Build.0 = Release|Any CPU
		{F8F4415D-8AFC-4DB1-A6F2-810679872EAA}.Release|x86.ActiveCfg = Release|Any CPU
		{F8F4415D-8AFC-4DB1-A6F2-810679872EAA}.Release|x86.Build.0 = Release|Any CPU
		{42A1BBDA-3FF8-4672-9788-8CB159A9B080}.Debug|Any CPU.ActiveCfg = Debug|Any CPU
		{42A1BBDA-3FF8-4672-9788-8CB159A9B080}.Debug|Any CPU.Build.0 = Debug|Any CPU
		{42A1BBDA-3FF8-4672-9788-8CB159A9B080}.Debug|ARM.ActiveCfg = Debug|Any CPU
		{42A1BBDA-3FF8-4672-9788-8CB159A9B080}.Debug|ARM.Build.0 = Debug|Any CPU
		{42A1BBDA-3FF8-4672-9788-8CB159A9B080}.Debug|x64.ActiveCfg = Debug|Any CPU
		{42A1BBDA-3FF8-4672-9788-8CB159A9B080}.Debug|x64.Build.0 = Debug|Any CPU
		{42A1BBDA-3FF8-4672-9788-8CB159A9B080}.Debug|x86.ActiveCfg = Debug|Any CPU
		{42A1BBDA-3FF8-4672-9788-8CB159A9B080}.Debug|x86.Build.0 = Debug|Any CPU
		{42A1BBDA-3FF8-4672-9788-8CB159A9B080}.Release|Any CPU.ActiveCfg = Release|Any CPU
		{42A1BBDA-3FF8-4672-9788-8CB159A9B080}.Release|Any CPU.Build.0 = Release|Any CPU
		{42A1BBDA-3FF8-4672-9788-8CB159A9B080}.Release|ARM.ActiveCfg = Release|Any CPU
		{42A1BBDA-3FF8-4672-9788-8CB159A9B080}.Release|ARM.Build.0 = Release|Any CPU
		{42A1BBDA-3FF8-4672-9788-8CB159A9B080}.Release|x64.ActiveCfg = Release|Any CPU
		{42A1BBDA-3FF8-4672-9788-8CB159A9B080}.Release|x64.Build.0 = Release|Any CPU
		{42A1BBDA-3FF8-4672-9788-8CB159A9B080}.Release|x86.ActiveCfg = Release|Any CPU
		{42A1BBDA-3FF8-4672-9788-8CB159A9B080}.Release|x86.Build.0 = Release|Any CPU
		{476EBF2A-C10E-40A7-8A12-BF458C0EB2E5}.Debug|Any CPU.ActiveCfg = Debug|Any CPU
		{476EBF2A-C10E-40A7-8A12-BF458C0EB2E5}.Debug|Any CPU.Build.0 = Debug|Any CPU
		{476EBF2A-C10E-40A7-8A12-BF458C0EB2E5}.Debug|ARM.ActiveCfg = Debug|Any CPU
		{476EBF2A-C10E-40A7-8A12-BF458C0EB2E5}.Debug|ARM.Build.0 = Debug|Any CPU
		{476EBF2A-C10E-40A7-8A12-BF458C0EB2E5}.Debug|x64.ActiveCfg = Debug|Any CPU
		{476EBF2A-C10E-40A7-8A12-BF458C0EB2E5}.Debug|x64.Build.0 = Debug|Any CPU
		{476EBF2A-C10E-40A7-8A12-BF458C0EB2E5}.Debug|x86.ActiveCfg = Debug|Any CPU
		{476EBF2A-C10E-40A7-8A12-BF458C0EB2E5}.Debug|x86.Build.0 = Debug|Any CPU
		{476EBF2A-C10E-40A7-8A12-BF458C0EB2E5}.Release|Any CPU.ActiveCfg = Release|Any CPU
		{476EBF2A-C10E-40A7-8A12-BF458C0EB2E5}.Release|Any CPU.Build.0 = Release|Any CPU
		{476EBF2A-C10E-40A7-8A12-BF458C0EB2E5}.Release|ARM.ActiveCfg = Release|Any CPU
		{476EBF2A-C10E-40A7-8A12-BF458C0EB2E5}.Release|ARM.Build.0 = Release|Any CPU
		{476EBF2A-C10E-40A7-8A12-BF458C0EB2E5}.Release|x64.ActiveCfg = Release|Any CPU
		{476EBF2A-C10E-40A7-8A12-BF458C0EB2E5}.Release|x64.Build.0 = Release|Any CPU
		{476EBF2A-C10E-40A7-8A12-BF458C0EB2E5}.Release|x86.ActiveCfg = Release|Any CPU
		{476EBF2A-C10E-40A7-8A12-BF458C0EB2E5}.Release|x86.Build.0 = Release|Any CPU
		{6AFD9F39-8A73-4B77-A388-AB912F5F730B}.Debug|Any CPU.ActiveCfg = Debug|Any CPU
		{6AFD9F39-8A73-4B77-A388-AB912F5F730B}.Debug|Any CPU.Build.0 = Debug|Any CPU
		{6AFD9F39-8A73-4B77-A388-AB912F5F730B}.Debug|ARM.ActiveCfg = Debug|Any CPU
		{6AFD9F39-8A73-4B77-A388-AB912F5F730B}.Debug|ARM.Build.0 = Debug|Any CPU
		{6AFD9F39-8A73-4B77-A388-AB912F5F730B}.Debug|x64.ActiveCfg = Debug|Any CPU
		{6AFD9F39-8A73-4B77-A388-AB912F5F730B}.Debug|x64.Build.0 = Debug|Any CPU
		{6AFD9F39-8A73-4B77-A388-AB912F5F730B}.Debug|x86.ActiveCfg = Debug|Any CPU
		{6AFD9F39-8A73-4B77-A388-AB912F5F730B}.Debug|x86.Build.0 = Debug|Any CPU
		{6AFD9F39-8A73-4B77-A388-AB912F5F730B}.Release|Any CPU.ActiveCfg = Release|Any CPU
		{6AFD9F39-8A73-4B77-A388-AB912F5F730B}.Release|Any CPU.Build.0 = Release|Any CPU
		{6AFD9F39-8A73-4B77-A388-AB912F5F730B}.Release|ARM.ActiveCfg = Release|Any CPU
		{6AFD9F39-8A73-4B77-A388-AB912F5F730B}.Release|ARM.Build.0 = Release|Any CPU
		{6AFD9F39-8A73-4B77-A388-AB912F5F730B}.Release|x64.ActiveCfg = Release|Any CPU
		{6AFD9F39-8A73-4B77-A388-AB912F5F730B}.Release|x64.Build.0 = Release|Any CPU
		{6AFD9F39-8A73-4B77-A388-AB912F5F730B}.Release|x86.ActiveCfg = Release|Any CPU
		{6AFD9F39-8A73-4B77-A388-AB912F5F730B}.Release|x86.Build.0 = Release|Any CPU
		{F1E87465-3980-4518-9B29-D7E0F5EA21B9}.Debug|Any CPU.ActiveCfg = Debug|Any CPU
		{F1E87465-3980-4518-9B29-D7E0F5EA21B9}.Debug|Any CPU.Build.0 = Debug|Any CPU
		{F1E87465-3980-4518-9B29-D7E0F5EA21B9}.Debug|ARM.ActiveCfg = Debug|Any CPU
		{F1E87465-3980-4518-9B29-D7E0F5EA21B9}.Debug|ARM.Build.0 = Debug|Any CPU
		{F1E87465-3980-4518-9B29-D7E0F5EA21B9}.Debug|x64.ActiveCfg = Debug|Any CPU
		{F1E87465-3980-4518-9B29-D7E0F5EA21B9}.Debug|x64.Build.0 = Debug|Any CPU
		{F1E87465-3980-4518-9B29-D7E0F5EA21B9}.Debug|x86.ActiveCfg = Debug|Any CPU
		{F1E87465-3980-4518-9B29-D7E0F5EA21B9}.Debug|x86.Build.0 = Debug|Any CPU
		{F1E87465-3980-4518-9B29-D7E0F5EA21B9}.Release|Any CPU.ActiveCfg = Release|Any CPU
		{F1E87465-3980-4518-9B29-D7E0F5EA21B9}.Release|Any CPU.Build.0 = Release|Any CPU
		{F1E87465-3980-4518-9B29-D7E0F5EA21B9}.Release|ARM.ActiveCfg = Release|Any CPU
		{F1E87465-3980-4518-9B29-D7E0F5EA21B9}.Release|ARM.Build.0 = Release|Any CPU
		{F1E87465-3980-4518-9B29-D7E0F5EA21B9}.Release|x64.ActiveCfg = Release|Any CPU
		{F1E87465-3980-4518-9B29-D7E0F5EA21B9}.Release|x64.Build.0 = Release|Any CPU
		{F1E87465-3980-4518-9B29-D7E0F5EA21B9}.Release|x86.ActiveCfg = Release|Any CPU
		{F1E87465-3980-4518-9B29-D7E0F5EA21B9}.Release|x86.Build.0 = Release|Any CPU
		{DBF85AFE-C7A8-4CA0-8D62-8AEB756EAF25}.Debug|Any CPU.ActiveCfg = Debug|Any CPU
		{DBF85AFE-C7A8-4CA0-8D62-8AEB756EAF25}.Debug|Any CPU.Build.0 = Debug|Any CPU
		{DBF85AFE-C7A8-4CA0-8D62-8AEB756EAF25}.Debug|ARM.ActiveCfg = Debug|Any CPU
		{DBF85AFE-C7A8-4CA0-8D62-8AEB756EAF25}.Debug|ARM.Build.0 = Debug|Any CPU
		{DBF85AFE-C7A8-4CA0-8D62-8AEB756EAF25}.Debug|x64.ActiveCfg = Debug|Any CPU
		{DBF85AFE-C7A8-4CA0-8D62-8AEB756EAF25}.Debug|x64.Build.0 = Debug|Any CPU
		{DBF85AFE-C7A8-4CA0-8D62-8AEB756EAF25}.Debug|x86.ActiveCfg = Debug|Any CPU
		{DBF85AFE-C7A8-4CA0-8D62-8AEB756EAF25}.Debug|x86.Build.0 = Debug|Any CPU
		{DBF85AFE-C7A8-4CA0-8D62-8AEB756EAF25}.Release|Any CPU.ActiveCfg = Release|Any CPU
		{DBF85AFE-C7A8-4CA0-8D62-8AEB756EAF25}.Release|Any CPU.Build.0 = Release|Any CPU
		{DBF85AFE-C7A8-4CA0-8D62-8AEB756EAF25}.Release|ARM.ActiveCfg = Release|Any CPU
		{DBF85AFE-C7A8-4CA0-8D62-8AEB756EAF25}.Release|ARM.Build.0 = Release|Any CPU
		{DBF85AFE-C7A8-4CA0-8D62-8AEB756EAF25}.Release|x64.ActiveCfg = Release|Any CPU
		{DBF85AFE-C7A8-4CA0-8D62-8AEB756EAF25}.Release|x64.Build.0 = Release|Any CPU
		{DBF85AFE-C7A8-4CA0-8D62-8AEB756EAF25}.Release|x86.ActiveCfg = Release|Any CPU
		{DBF85AFE-C7A8-4CA0-8D62-8AEB756EAF25}.Release|x86.Build.0 = Release|Any CPU
		{74F1607B-2B38-45C6-BACA-D52F11038930}.Debug|Any CPU.ActiveCfg = Debug|Any CPU
		{74F1607B-2B38-45C6-BACA-D52F11038930}.Debug|Any CPU.Build.0 = Debug|Any CPU
		{74F1607B-2B38-45C6-BACA-D52F11038930}.Debug|ARM.ActiveCfg = Debug|Any CPU
		{74F1607B-2B38-45C6-BACA-D52F11038930}.Debug|ARM.Build.0 = Debug|Any CPU
		{74F1607B-2B38-45C6-BACA-D52F11038930}.Debug|x64.ActiveCfg = Debug|Any CPU
		{74F1607B-2B38-45C6-BACA-D52F11038930}.Debug|x64.Build.0 = Debug|Any CPU
		{74F1607B-2B38-45C6-BACA-D52F11038930}.Debug|x86.ActiveCfg = Debug|Any CPU
		{74F1607B-2B38-45C6-BACA-D52F11038930}.Debug|x86.Build.0 = Debug|Any CPU
		{74F1607B-2B38-45C6-BACA-D52F11038930}.Release|Any CPU.ActiveCfg = Release|Any CPU
		{74F1607B-2B38-45C6-BACA-D52F11038930}.Release|Any CPU.Build.0 = Release|Any CPU
		{74F1607B-2B38-45C6-BACA-D52F11038930}.Release|ARM.ActiveCfg = Release|Any CPU
		{74F1607B-2B38-45C6-BACA-D52F11038930}.Release|ARM.Build.0 = Release|Any CPU
		{74F1607B-2B38-45C6-BACA-D52F11038930}.Release|x64.ActiveCfg = Release|Any CPU
		{74F1607B-2B38-45C6-BACA-D52F11038930}.Release|x64.Build.0 = Release|Any CPU
		{74F1607B-2B38-45C6-BACA-D52F11038930}.Release|x86.ActiveCfg = Release|Any CPU
		{74F1607B-2B38-45C6-BACA-D52F11038930}.Release|x86.Build.0 = Release|Any CPU
		{4A1D90EC-A4E3-4CD8-8F49-DDBD1403D19E}.Debug|Any CPU.ActiveCfg = Debug|Any CPU
		{4A1D90EC-A4E3-4CD8-8F49-DDBD1403D19E}.Debug|Any CPU.Build.0 = Debug|Any CPU
		{4A1D90EC-A4E3-4CD8-8F49-DDBD1403D19E}.Debug|ARM.ActiveCfg = Debug|Any CPU
		{4A1D90EC-A4E3-4CD8-8F49-DDBD1403D19E}.Debug|ARM.Build.0 = Debug|Any CPU
		{4A1D90EC-A4E3-4CD8-8F49-DDBD1403D19E}.Debug|x64.ActiveCfg = Debug|Any CPU
		{4A1D90EC-A4E3-4CD8-8F49-DDBD1403D19E}.Debug|x64.Build.0 = Debug|Any CPU
		{4A1D90EC-A4E3-4CD8-8F49-DDBD1403D19E}.Debug|x86.ActiveCfg = Debug|Any CPU
		{4A1D90EC-A4E3-4CD8-8F49-DDBD1403D19E}.Debug|x86.Build.0 = Debug|Any CPU
		{4A1D90EC-A4E3-4CD8-8F49-DDBD1403D19E}.Release|Any CPU.ActiveCfg = Release|Any CPU
		{4A1D90EC-A4E3-4CD8-8F49-DDBD1403D19E}.Release|Any CPU.Build.0 = Release|Any CPU
		{4A1D90EC-A4E3-4CD8-8F49-DDBD1403D19E}.Release|ARM.ActiveCfg = Release|Any CPU
		{4A1D90EC-A4E3-4CD8-8F49-DDBD1403D19E}.Release|ARM.Build.0 = Release|Any CPU
		{4A1D90EC-A4E3-4CD8-8F49-DDBD1403D19E}.Release|x64.ActiveCfg = Release|Any CPU
		{4A1D90EC-A4E3-4CD8-8F49-DDBD1403D19E}.Release|x64.Build.0 = Release|Any CPU
		{4A1D90EC-A4E3-4CD8-8F49-DDBD1403D19E}.Release|x86.ActiveCfg = Release|Any CPU
		{4A1D90EC-A4E3-4CD8-8F49-DDBD1403D19E}.Release|x86.Build.0 = Release|Any CPU
		{823D796A-2BE7-4882-8617-FC4479A6F284}.Debug|Any CPU.ActiveCfg = Debug|Any CPU
		{823D796A-2BE7-4882-8617-FC4479A6F284}.Debug|Any CPU.Build.0 = Debug|Any CPU
		{823D796A-2BE7-4882-8617-FC4479A6F284}.Debug|ARM.ActiveCfg = Debug|Any CPU
		{823D796A-2BE7-4882-8617-FC4479A6F284}.Debug|ARM.Build.0 = Debug|Any CPU
		{823D796A-2BE7-4882-8617-FC4479A6F284}.Debug|x64.ActiveCfg = Debug|Any CPU
		{823D796A-2BE7-4882-8617-FC4479A6F284}.Debug|x64.Build.0 = Debug|Any CPU
		{823D796A-2BE7-4882-8617-FC4479A6F284}.Debug|x86.ActiveCfg = Debug|Any CPU
		{823D796A-2BE7-4882-8617-FC4479A6F284}.Debug|x86.Build.0 = Debug|Any CPU
		{823D796A-2BE7-4882-8617-FC4479A6F284}.Release|Any CPU.ActiveCfg = Release|Any CPU
		{823D796A-2BE7-4882-8617-FC4479A6F284}.Release|Any CPU.Build.0 = Release|Any CPU
		{823D796A-2BE7-4882-8617-FC4479A6F284}.Release|ARM.ActiveCfg = Release|Any CPU
		{823D796A-2BE7-4882-8617-FC4479A6F284}.Release|ARM.Build.0 = Release|Any CPU
		{823D796A-2BE7-4882-8617-FC4479A6F284}.Release|x64.ActiveCfg = Release|Any CPU
		{823D796A-2BE7-4882-8617-FC4479A6F284}.Release|x64.Build.0 = Release|Any CPU
		{823D796A-2BE7-4882-8617-FC4479A6F284}.Release|x86.ActiveCfg = Release|Any CPU
		{823D796A-2BE7-4882-8617-FC4479A6F284}.Release|x86.Build.0 = Release|Any CPU
		{31AADF95-9F14-4CE9-A63E-1001CA155CF9}.Debug|Any CPU.ActiveCfg = Debug|Any CPU
		{31AADF95-9F14-4CE9-A63E-1001CA155CF9}.Debug|Any CPU.Build.0 = Debug|Any CPU
		{31AADF95-9F14-4CE9-A63E-1001CA155CF9}.Debug|ARM.ActiveCfg = Debug|Any CPU
		{31AADF95-9F14-4CE9-A63E-1001CA155CF9}.Debug|ARM.Build.0 = Debug|Any CPU
		{31AADF95-9F14-4CE9-A63E-1001CA155CF9}.Debug|x64.ActiveCfg = Debug|Any CPU
		{31AADF95-9F14-4CE9-A63E-1001CA155CF9}.Debug|x64.Build.0 = Debug|Any CPU
		{31AADF95-9F14-4CE9-A63E-1001CA155CF9}.Debug|x86.ActiveCfg = Debug|Any CPU
		{31AADF95-9F14-4CE9-A63E-1001CA155CF9}.Debug|x86.Build.0 = Debug|Any CPU
		{31AADF95-9F14-4CE9-A63E-1001CA155CF9}.Release|Any CPU.ActiveCfg = Release|Any CPU
		{31AADF95-9F14-4CE9-A63E-1001CA155CF9}.Release|Any CPU.Build.0 = Release|Any CPU
		{31AADF95-9F14-4CE9-A63E-1001CA155CF9}.Release|ARM.ActiveCfg = Release|Any CPU
		{31AADF95-9F14-4CE9-A63E-1001CA155CF9}.Release|ARM.Build.0 = Release|Any CPU
		{31AADF95-9F14-4CE9-A63E-1001CA155CF9}.Release|x64.ActiveCfg = Release|Any CPU
		{31AADF95-9F14-4CE9-A63E-1001CA155CF9}.Release|x64.Build.0 = Release|Any CPU
		{31AADF95-9F14-4CE9-A63E-1001CA155CF9}.Release|x86.ActiveCfg = Release|Any CPU
		{31AADF95-9F14-4CE9-A63E-1001CA155CF9}.Release|x86.Build.0 = Release|Any CPU
		{C21E33A6-D6DE-4558-9E67-7C19277DC2D8}.Debug|Any CPU.ActiveCfg = Debug|Any CPU
		{C21E33A6-D6DE-4558-9E67-7C19277DC2D8}.Debug|Any CPU.Build.0 = Debug|Any CPU
		{C21E33A6-D6DE-4558-9E67-7C19277DC2D8}.Debug|ARM.ActiveCfg = Debug|Any CPU
		{C21E33A6-D6DE-4558-9E67-7C19277DC2D8}.Debug|ARM.Build.0 = Debug|Any CPU
		{C21E33A6-D6DE-4558-9E67-7C19277DC2D8}.Debug|x64.ActiveCfg = Debug|Any CPU
		{C21E33A6-D6DE-4558-9E67-7C19277DC2D8}.Debug|x64.Build.0 = Debug|Any CPU
		{C21E33A6-D6DE-4558-9E67-7C19277DC2D8}.Debug|x86.ActiveCfg = Debug|Any CPU
		{C21E33A6-D6DE-4558-9E67-7C19277DC2D8}.Debug|x86.Build.0 = Debug|Any CPU
		{C21E33A6-D6DE-4558-9E67-7C19277DC2D8}.Release|Any CPU.ActiveCfg = Release|Any CPU
		{C21E33A6-D6DE-4558-9E67-7C19277DC2D8}.Release|Any CPU.Build.0 = Release|Any CPU
		{C21E33A6-D6DE-4558-9E67-7C19277DC2D8}.Release|ARM.ActiveCfg = Release|Any CPU
		{C21E33A6-D6DE-4558-9E67-7C19277DC2D8}.Release|ARM.Build.0 = Release|Any CPU
		{C21E33A6-D6DE-4558-9E67-7C19277DC2D8}.Release|x64.ActiveCfg = Release|Any CPU
		{C21E33A6-D6DE-4558-9E67-7C19277DC2D8}.Release|x64.Build.0 = Release|Any CPU
		{C21E33A6-D6DE-4558-9E67-7C19277DC2D8}.Release|x86.ActiveCfg = Release|Any CPU
		{C21E33A6-D6DE-4558-9E67-7C19277DC2D8}.Release|x86.Build.0 = Release|Any CPU
		{1E4FCC1F-FE59-4901-8BD3-28B12BB6DF61}.Debug|Any CPU.ActiveCfg = Debug|Any CPU
		{1E4FCC1F-FE59-4901-8BD3-28B12BB6DF61}.Debug|Any CPU.Build.0 = Debug|Any CPU
		{1E4FCC1F-FE59-4901-8BD3-28B12BB6DF61}.Debug|ARM.ActiveCfg = Debug|Any CPU
		{1E4FCC1F-FE59-4901-8BD3-28B12BB6DF61}.Debug|ARM.Build.0 = Debug|Any CPU
		{1E4FCC1F-FE59-4901-8BD3-28B12BB6DF61}.Debug|x64.ActiveCfg = Debug|Any CPU
		{1E4FCC1F-FE59-4901-8BD3-28B12BB6DF61}.Debug|x64.Build.0 = Debug|Any CPU
		{1E4FCC1F-FE59-4901-8BD3-28B12BB6DF61}.Debug|x86.ActiveCfg = Debug|Any CPU
		{1E4FCC1F-FE59-4901-8BD3-28B12BB6DF61}.Debug|x86.Build.0 = Debug|Any CPU
		{1E4FCC1F-FE59-4901-8BD3-28B12BB6DF61}.Release|Any CPU.ActiveCfg = Release|Any CPU
		{1E4FCC1F-FE59-4901-8BD3-28B12BB6DF61}.Release|Any CPU.Build.0 = Release|Any CPU
		{1E4FCC1F-FE59-4901-8BD3-28B12BB6DF61}.Release|ARM.ActiveCfg = Release|Any CPU
		{1E4FCC1F-FE59-4901-8BD3-28B12BB6DF61}.Release|ARM.Build.0 = Release|Any CPU
		{1E4FCC1F-FE59-4901-8BD3-28B12BB6DF61}.Release|x64.ActiveCfg = Release|Any CPU
		{1E4FCC1F-FE59-4901-8BD3-28B12BB6DF61}.Release|x64.Build.0 = Release|Any CPU
		{1E4FCC1F-FE59-4901-8BD3-28B12BB6DF61}.Release|x86.ActiveCfg = Release|Any CPU
		{1E4FCC1F-FE59-4901-8BD3-28B12BB6DF61}.Release|x86.Build.0 = Release|Any CPU
		{3EFDB5A2-DE04-4B8B-825B-D70F714A48E7}.Debug|Any CPU.ActiveCfg = Debug|Any CPU
		{3EFDB5A2-DE04-4B8B-825B-D70F714A48E7}.Debug|Any CPU.Build.0 = Debug|Any CPU
		{3EFDB5A2-DE04-4B8B-825B-D70F714A48E7}.Debug|ARM.ActiveCfg = Debug|Any CPU
		{3EFDB5A2-DE04-4B8B-825B-D70F714A48E7}.Debug|ARM.Build.0 = Debug|Any CPU
		{3EFDB5A2-DE04-4B8B-825B-D70F714A48E7}.Debug|x64.ActiveCfg = Debug|Any CPU
		{3EFDB5A2-DE04-4B8B-825B-D70F714A48E7}.Debug|x64.Build.0 = Debug|Any CPU
		{3EFDB5A2-DE04-4B8B-825B-D70F714A48E7}.Debug|x86.ActiveCfg = Debug|Any CPU
		{3EFDB5A2-DE04-4B8B-825B-D70F714A48E7}.Debug|x86.Build.0 = Debug|Any CPU
		{3EFDB5A2-DE04-4B8B-825B-D70F714A48E7}.Release|Any CPU.ActiveCfg = Release|Any CPU
		{3EFDB5A2-DE04-4B8B-825B-D70F714A48E7}.Release|Any CPU.Build.0 = Release|Any CPU
		{3EFDB5A2-DE04-4B8B-825B-D70F714A48E7}.Release|ARM.ActiveCfg = Release|Any CPU
		{3EFDB5A2-DE04-4B8B-825B-D70F714A48E7}.Release|ARM.Build.0 = Release|Any CPU
		{3EFDB5A2-DE04-4B8B-825B-D70F714A48E7}.Release|x64.ActiveCfg = Release|Any CPU
		{3EFDB5A2-DE04-4B8B-825B-D70F714A48E7}.Release|x64.Build.0 = Release|Any CPU
		{3EFDB5A2-DE04-4B8B-825B-D70F714A48E7}.Release|x86.ActiveCfg = Release|Any CPU
		{3EFDB5A2-DE04-4B8B-825B-D70F714A48E7}.Release|x86.Build.0 = Release|Any CPU
		{617D0A9F-C0C3-4198-9D32-1D9C6824F29C}.Debug|Any CPU.ActiveCfg = Debug|Any CPU
		{617D0A9F-C0C3-4198-9D32-1D9C6824F29C}.Debug|Any CPU.Build.0 = Debug|Any CPU
		{617D0A9F-C0C3-4198-9D32-1D9C6824F29C}.Debug|ARM.ActiveCfg = Debug|Any CPU
		{617D0A9F-C0C3-4198-9D32-1D9C6824F29C}.Debug|ARM.Build.0 = Debug|Any CPU
		{617D0A9F-C0C3-4198-9D32-1D9C6824F29C}.Debug|x64.ActiveCfg = Debug|Any CPU
		{617D0A9F-C0C3-4198-9D32-1D9C6824F29C}.Debug|x64.Build.0 = Debug|Any CPU
		{617D0A9F-C0C3-4198-9D32-1D9C6824F29C}.Debug|x86.ActiveCfg = Debug|Any CPU
		{617D0A9F-C0C3-4198-9D32-1D9C6824F29C}.Debug|x86.Build.0 = Debug|Any CPU
		{617D0A9F-C0C3-4198-9D32-1D9C6824F29C}.Release|Any CPU.ActiveCfg = Release|Any CPU
		{617D0A9F-C0C3-4198-9D32-1D9C6824F29C}.Release|Any CPU.Build.0 = Release|Any CPU
		{617D0A9F-C0C3-4198-9D32-1D9C6824F29C}.Release|ARM.ActiveCfg = Release|Any CPU
		{617D0A9F-C0C3-4198-9D32-1D9C6824F29C}.Release|ARM.Build.0 = Release|Any CPU
		{617D0A9F-C0C3-4198-9D32-1D9C6824F29C}.Release|x64.ActiveCfg = Release|Any CPU
		{617D0A9F-C0C3-4198-9D32-1D9C6824F29C}.Release|x64.Build.0 = Release|Any CPU
		{617D0A9F-C0C3-4198-9D32-1D9C6824F29C}.Release|x86.ActiveCfg = Release|Any CPU
		{617D0A9F-C0C3-4198-9D32-1D9C6824F29C}.Release|x86.Build.0 = Release|Any CPU
		{71332D16-AFF2-4F27-8548-465C5006DFAE}.Debug|Any CPU.ActiveCfg = Debug|Any CPU
		{71332D16-AFF2-4F27-8548-465C5006DFAE}.Debug|Any CPU.Build.0 = Debug|Any CPU
		{71332D16-AFF2-4F27-8548-465C5006DFAE}.Debug|ARM.ActiveCfg = Debug|Any CPU
		{71332D16-AFF2-4F27-8548-465C5006DFAE}.Debug|ARM.Build.0 = Debug|Any CPU
		{71332D16-AFF2-4F27-8548-465C5006DFAE}.Debug|x64.ActiveCfg = Debug|Any CPU
		{71332D16-AFF2-4F27-8548-465C5006DFAE}.Debug|x64.Build.0 = Debug|Any CPU
		{71332D16-AFF2-4F27-8548-465C5006DFAE}.Debug|x86.ActiveCfg = Debug|Any CPU
		{71332D16-AFF2-4F27-8548-465C5006DFAE}.Debug|x86.Build.0 = Debug|Any CPU
		{71332D16-AFF2-4F27-8548-465C5006DFAE}.Release|Any CPU.ActiveCfg = Release|Any CPU
		{71332D16-AFF2-4F27-8548-465C5006DFAE}.Release|Any CPU.Build.0 = Release|Any CPU
		{71332D16-AFF2-4F27-8548-465C5006DFAE}.Release|ARM.ActiveCfg = Release|Any CPU
		{71332D16-AFF2-4F27-8548-465C5006DFAE}.Release|ARM.Build.0 = Release|Any CPU
		{71332D16-AFF2-4F27-8548-465C5006DFAE}.Release|x64.ActiveCfg = Release|Any CPU
		{71332D16-AFF2-4F27-8548-465C5006DFAE}.Release|x64.Build.0 = Release|Any CPU
		{71332D16-AFF2-4F27-8548-465C5006DFAE}.Release|x86.ActiveCfg = Release|Any CPU
		{71332D16-AFF2-4F27-8548-465C5006DFAE}.Release|x86.Build.0 = Release|Any CPU
		{D985DA83-AE27-48A2-BDA6-BD23F04A6A59}.Debug|Any CPU.ActiveCfg = Debug|Any CPU
		{D985DA83-AE27-48A2-BDA6-BD23F04A6A59}.Debug|Any CPU.Build.0 = Debug|Any CPU
		{D985DA83-AE27-48A2-BDA6-BD23F04A6A59}.Debug|ARM.ActiveCfg = Debug|Any CPU
		{D985DA83-AE27-48A2-BDA6-BD23F04A6A59}.Debug|ARM.Build.0 = Debug|Any CPU
		{D985DA83-AE27-48A2-BDA6-BD23F04A6A59}.Debug|x64.ActiveCfg = Debug|Any CPU
		{D985DA83-AE27-48A2-BDA6-BD23F04A6A59}.Debug|x64.Build.0 = Debug|Any CPU
		{D985DA83-AE27-48A2-BDA6-BD23F04A6A59}.Debug|x86.ActiveCfg = Debug|Any CPU
		{D985DA83-AE27-48A2-BDA6-BD23F04A6A59}.Debug|x86.Build.0 = Debug|Any CPU
		{D985DA83-AE27-48A2-BDA6-BD23F04A6A59}.Release|Any CPU.ActiveCfg = Release|Any CPU
		{D985DA83-AE27-48A2-BDA6-BD23F04A6A59}.Release|Any CPU.Build.0 = Release|Any CPU
		{D985DA83-AE27-48A2-BDA6-BD23F04A6A59}.Release|ARM.ActiveCfg = Release|Any CPU
		{D985DA83-AE27-48A2-BDA6-BD23F04A6A59}.Release|ARM.Build.0 = Release|Any CPU
		{D985DA83-AE27-48A2-BDA6-BD23F04A6A59}.Release|x64.ActiveCfg = Release|Any CPU
		{D985DA83-AE27-48A2-BDA6-BD23F04A6A59}.Release|x64.Build.0 = Release|Any CPU
		{D985DA83-AE27-48A2-BDA6-BD23F04A6A59}.Release|x86.ActiveCfg = Release|Any CPU
		{D985DA83-AE27-48A2-BDA6-BD23F04A6A59}.Release|x86.Build.0 = Release|Any CPU
		{679752A8-7EAC-4101-8F90-06CAD33AEE49}.Debug|Any CPU.ActiveCfg = Debug|Any CPU
		{679752A8-7EAC-4101-8F90-06CAD33AEE49}.Debug|Any CPU.Build.0 = Debug|Any CPU
		{679752A8-7EAC-4101-8F90-06CAD33AEE49}.Debug|ARM.ActiveCfg = Debug|Any CPU
		{679752A8-7EAC-4101-8F90-06CAD33AEE49}.Debug|ARM.Build.0 = Debug|Any CPU
		{679752A8-7EAC-4101-8F90-06CAD33AEE49}.Debug|x64.ActiveCfg = Debug|Any CPU
		{679752A8-7EAC-4101-8F90-06CAD33AEE49}.Debug|x64.Build.0 = Debug|Any CPU
		{679752A8-7EAC-4101-8F90-06CAD33AEE49}.Debug|x86.ActiveCfg = Debug|Any CPU
		{679752A8-7EAC-4101-8F90-06CAD33AEE49}.Debug|x86.Build.0 = Debug|Any CPU
		{679752A8-7EAC-4101-8F90-06CAD33AEE49}.Release|Any CPU.ActiveCfg = Release|Any CPU
		{679752A8-7EAC-4101-8F90-06CAD33AEE49}.Release|Any CPU.Build.0 = Release|Any CPU
		{679752A8-7EAC-4101-8F90-06CAD33AEE49}.Release|ARM.ActiveCfg = Release|Any CPU
		{679752A8-7EAC-4101-8F90-06CAD33AEE49}.Release|ARM.Build.0 = Release|Any CPU
		{679752A8-7EAC-4101-8F90-06CAD33AEE49}.Release|x64.ActiveCfg = Release|Any CPU
		{679752A8-7EAC-4101-8F90-06CAD33AEE49}.Release|x64.Build.0 = Release|Any CPU
		{679752A8-7EAC-4101-8F90-06CAD33AEE49}.Release|x86.ActiveCfg = Release|Any CPU
		{679752A8-7EAC-4101-8F90-06CAD33AEE49}.Release|x86.Build.0 = Release|Any CPU
		{476DEB74-985F-45AF-A8E3-D7A556C9F822}.Debug|Any CPU.ActiveCfg = Debug|Any CPU
		{476DEB74-985F-45AF-A8E3-D7A556C9F822}.Debug|Any CPU.Build.0 = Debug|Any CPU
		{476DEB74-985F-45AF-A8E3-D7A556C9F822}.Debug|ARM.ActiveCfg = Debug|Any CPU
		{476DEB74-985F-45AF-A8E3-D7A556C9F822}.Debug|ARM.Build.0 = Debug|Any CPU
		{476DEB74-985F-45AF-A8E3-D7A556C9F822}.Debug|x64.ActiveCfg = Debug|Any CPU
		{476DEB74-985F-45AF-A8E3-D7A556C9F822}.Debug|x64.Build.0 = Debug|Any CPU
		{476DEB74-985F-45AF-A8E3-D7A556C9F822}.Debug|x86.ActiveCfg = Debug|Any CPU
		{476DEB74-985F-45AF-A8E3-D7A556C9F822}.Debug|x86.Build.0 = Debug|Any CPU
		{476DEB74-985F-45AF-A8E3-D7A556C9F822}.Release|Any CPU.ActiveCfg = Release|Any CPU
		{476DEB74-985F-45AF-A8E3-D7A556C9F822}.Release|Any CPU.Build.0 = Release|Any CPU
		{476DEB74-985F-45AF-A8E3-D7A556C9F822}.Release|ARM.ActiveCfg = Release|Any CPU
		{476DEB74-985F-45AF-A8E3-D7A556C9F822}.Release|ARM.Build.0 = Release|Any CPU
		{476DEB74-985F-45AF-A8E3-D7A556C9F822}.Release|x64.ActiveCfg = Release|Any CPU
		{476DEB74-985F-45AF-A8E3-D7A556C9F822}.Release|x64.Build.0 = Release|Any CPU
		{476DEB74-985F-45AF-A8E3-D7A556C9F822}.Release|x86.ActiveCfg = Release|Any CPU
		{476DEB74-985F-45AF-A8E3-D7A556C9F822}.Release|x86.Build.0 = Release|Any CPU
		{3E71AF0F-CE1E-4206-931E-420D88A4AF07}.Debug|Any CPU.ActiveCfg = Debug|Any CPU
		{3E71AF0F-CE1E-4206-931E-420D88A4AF07}.Debug|Any CPU.Build.0 = Debug|Any CPU
		{3E71AF0F-CE1E-4206-931E-420D88A4AF07}.Debug|ARM.ActiveCfg = Debug|Any CPU
		{3E71AF0F-CE1E-4206-931E-420D88A4AF07}.Debug|ARM.Build.0 = Debug|Any CPU
		{3E71AF0F-CE1E-4206-931E-420D88A4AF07}.Debug|x64.ActiveCfg = Debug|Any CPU
		{3E71AF0F-CE1E-4206-931E-420D88A4AF07}.Debug|x64.Build.0 = Debug|Any CPU
		{3E71AF0F-CE1E-4206-931E-420D88A4AF07}.Debug|x86.ActiveCfg = Debug|Any CPU
		{3E71AF0F-CE1E-4206-931E-420D88A4AF07}.Debug|x86.Build.0 = Debug|Any CPU
		{3E71AF0F-CE1E-4206-931E-420D88A4AF07}.Release|Any CPU.ActiveCfg = Release|Any CPU
		{3E71AF0F-CE1E-4206-931E-420D88A4AF07}.Release|Any CPU.Build.0 = Release|Any CPU
		{3E71AF0F-CE1E-4206-931E-420D88A4AF07}.Release|ARM.ActiveCfg = Release|Any CPU
		{3E71AF0F-CE1E-4206-931E-420D88A4AF07}.Release|ARM.Build.0 = Release|Any CPU
		{3E71AF0F-CE1E-4206-931E-420D88A4AF07}.Release|x64.ActiveCfg = Release|Any CPU
		{3E71AF0F-CE1E-4206-931E-420D88A4AF07}.Release|x64.Build.0 = Release|Any CPU
		{3E71AF0F-CE1E-4206-931E-420D88A4AF07}.Release|x86.ActiveCfg = Release|Any CPU
		{3E71AF0F-CE1E-4206-931E-420D88A4AF07}.Release|x86.Build.0 = Release|Any CPU
		{8C27A50C-1D76-4472-9908-550911FFDB8E}.Debug|Any CPU.ActiveCfg = Debug|Any CPU
		{8C27A50C-1D76-4472-9908-550911FFDB8E}.Debug|Any CPU.Build.0 = Debug|Any CPU
		{8C27A50C-1D76-4472-9908-550911FFDB8E}.Debug|ARM.ActiveCfg = Debug|Any CPU
		{8C27A50C-1D76-4472-9908-550911FFDB8E}.Debug|ARM.Build.0 = Debug|Any CPU
		{8C27A50C-1D76-4472-9908-550911FFDB8E}.Debug|x64.ActiveCfg = Debug|Any CPU
		{8C27A50C-1D76-4472-9908-550911FFDB8E}.Debug|x64.Build.0 = Debug|Any CPU
		{8C27A50C-1D76-4472-9908-550911FFDB8E}.Debug|x86.ActiveCfg = Debug|Any CPU
		{8C27A50C-1D76-4472-9908-550911FFDB8E}.Debug|x86.Build.0 = Debug|Any CPU
		{8C27A50C-1D76-4472-9908-550911FFDB8E}.Release|Any CPU.ActiveCfg = Release|Any CPU
		{8C27A50C-1D76-4472-9908-550911FFDB8E}.Release|Any CPU.Build.0 = Release|Any CPU
		{8C27A50C-1D76-4472-9908-550911FFDB8E}.Release|ARM.ActiveCfg = Release|Any CPU
		{8C27A50C-1D76-4472-9908-550911FFDB8E}.Release|ARM.Build.0 = Release|Any CPU
		{8C27A50C-1D76-4472-9908-550911FFDB8E}.Release|x64.ActiveCfg = Release|Any CPU
		{8C27A50C-1D76-4472-9908-550911FFDB8E}.Release|x64.Build.0 = Release|Any CPU
		{8C27A50C-1D76-4472-9908-550911FFDB8E}.Release|x86.ActiveCfg = Release|Any CPU
		{8C27A50C-1D76-4472-9908-550911FFDB8E}.Release|x86.Build.0 = Release|Any CPU
		{47792E18-19EE-4FE1-9C96-39EAEADC86A7}.Debug|Any CPU.ActiveCfg = Debug|Any CPU
		{47792E18-19EE-4FE1-9C96-39EAEADC86A7}.Debug|Any CPU.Build.0 = Debug|Any CPU
		{47792E18-19EE-4FE1-9C96-39EAEADC86A7}.Debug|ARM.ActiveCfg = Debug|Any CPU
		{47792E18-19EE-4FE1-9C96-39EAEADC86A7}.Debug|ARM.Build.0 = Debug|Any CPU
		{47792E18-19EE-4FE1-9C96-39EAEADC86A7}.Debug|x64.ActiveCfg = Debug|Any CPU
		{47792E18-19EE-4FE1-9C96-39EAEADC86A7}.Debug|x64.Build.0 = Debug|Any CPU
		{47792E18-19EE-4FE1-9C96-39EAEADC86A7}.Debug|x86.ActiveCfg = Debug|Any CPU
		{47792E18-19EE-4FE1-9C96-39EAEADC86A7}.Debug|x86.Build.0 = Debug|Any CPU
		{47792E18-19EE-4FE1-9C96-39EAEADC86A7}.Release|Any CPU.ActiveCfg = Release|Any CPU
		{47792E18-19EE-4FE1-9C96-39EAEADC86A7}.Release|Any CPU.Build.0 = Release|Any CPU
		{47792E18-19EE-4FE1-9C96-39EAEADC86A7}.Release|ARM.ActiveCfg = Release|Any CPU
		{47792E18-19EE-4FE1-9C96-39EAEADC86A7}.Release|ARM.Build.0 = Release|Any CPU
		{47792E18-19EE-4FE1-9C96-39EAEADC86A7}.Release|x64.ActiveCfg = Release|Any CPU
		{47792E18-19EE-4FE1-9C96-39EAEADC86A7}.Release|x64.Build.0 = Release|Any CPU
		{47792E18-19EE-4FE1-9C96-39EAEADC86A7}.Release|x86.ActiveCfg = Release|Any CPU
		{47792E18-19EE-4FE1-9C96-39EAEADC86A7}.Release|x86.Build.0 = Release|Any CPU
		{DD0DC338-79F4-410A-8FF8-0BFF0CCD80A4}.Debug|Any CPU.ActiveCfg = Debug|Any CPU
		{DD0DC338-79F4-410A-8FF8-0BFF0CCD80A4}.Debug|Any CPU.Build.0 = Debug|Any CPU
		{DD0DC338-79F4-410A-8FF8-0BFF0CCD80A4}.Debug|ARM.ActiveCfg = Debug|Any CPU
		{DD0DC338-79F4-410A-8FF8-0BFF0CCD80A4}.Debug|ARM.Build.0 = Debug|Any CPU
		{DD0DC338-79F4-410A-8FF8-0BFF0CCD80A4}.Debug|x64.ActiveCfg = Debug|Any CPU
		{DD0DC338-79F4-410A-8FF8-0BFF0CCD80A4}.Debug|x64.Build.0 = Debug|Any CPU
		{DD0DC338-79F4-410A-8FF8-0BFF0CCD80A4}.Debug|x86.ActiveCfg = Debug|Any CPU
		{DD0DC338-79F4-410A-8FF8-0BFF0CCD80A4}.Debug|x86.Build.0 = Debug|Any CPU
		{DD0DC338-79F4-410A-8FF8-0BFF0CCD80A4}.Release|Any CPU.ActiveCfg = Release|Any CPU
		{DD0DC338-79F4-410A-8FF8-0BFF0CCD80A4}.Release|Any CPU.Build.0 = Release|Any CPU
		{DD0DC338-79F4-410A-8FF8-0BFF0CCD80A4}.Release|ARM.ActiveCfg = Release|Any CPU
		{DD0DC338-79F4-410A-8FF8-0BFF0CCD80A4}.Release|ARM.Build.0 = Release|Any CPU
		{DD0DC338-79F4-410A-8FF8-0BFF0CCD80A4}.Release|x64.ActiveCfg = Release|Any CPU
		{DD0DC338-79F4-410A-8FF8-0BFF0CCD80A4}.Release|x64.Build.0 = Release|Any CPU
		{DD0DC338-79F4-410A-8FF8-0BFF0CCD80A4}.Release|x86.ActiveCfg = Release|Any CPU
		{DD0DC338-79F4-410A-8FF8-0BFF0CCD80A4}.Release|x86.Build.0 = Release|Any CPU
		{54F1558C-24D2-4FB4-ABF5-CD96DA9F03FD}.Debug|Any CPU.ActiveCfg = Debug|Any CPU
		{54F1558C-24D2-4FB4-ABF5-CD96DA9F03FD}.Debug|Any CPU.Build.0 = Debug|Any CPU
		{54F1558C-24D2-4FB4-ABF5-CD96DA9F03FD}.Debug|ARM.ActiveCfg = Debug|Any CPU
		{54F1558C-24D2-4FB4-ABF5-CD96DA9F03FD}.Debug|ARM.Build.0 = Debug|Any CPU
		{54F1558C-24D2-4FB4-ABF5-CD96DA9F03FD}.Debug|x64.ActiveCfg = Debug|Any CPU
		{54F1558C-24D2-4FB4-ABF5-CD96DA9F03FD}.Debug|x64.Build.0 = Debug|Any CPU
		{54F1558C-24D2-4FB4-ABF5-CD96DA9F03FD}.Debug|x86.ActiveCfg = Debug|Any CPU
		{54F1558C-24D2-4FB4-ABF5-CD96DA9F03FD}.Debug|x86.Build.0 = Debug|Any CPU
		{54F1558C-24D2-4FB4-ABF5-CD96DA9F03FD}.Release|Any CPU.ActiveCfg = Release|Any CPU
		{54F1558C-24D2-4FB4-ABF5-CD96DA9F03FD}.Release|Any CPU.Build.0 = Release|Any CPU
		{54F1558C-24D2-4FB4-ABF5-CD96DA9F03FD}.Release|ARM.ActiveCfg = Release|Any CPU
		{54F1558C-24D2-4FB4-ABF5-CD96DA9F03FD}.Release|ARM.Build.0 = Release|Any CPU
		{54F1558C-24D2-4FB4-ABF5-CD96DA9F03FD}.Release|x64.ActiveCfg = Release|Any CPU
		{54F1558C-24D2-4FB4-ABF5-CD96DA9F03FD}.Release|x64.Build.0 = Release|Any CPU
		{54F1558C-24D2-4FB4-ABF5-CD96DA9F03FD}.Release|x86.ActiveCfg = Release|Any CPU
		{54F1558C-24D2-4FB4-ABF5-CD96DA9F03FD}.Release|x86.Build.0 = Release|Any CPU
		{CF9EA96A-0A8F-47C6-B264-F1D748E0424E}.Debug|Any CPU.ActiveCfg = Debug|Any CPU
		{CF9EA96A-0A8F-47C6-B264-F1D748E0424E}.Debug|Any CPU.Build.0 = Debug|Any CPU
		{CF9EA96A-0A8F-47C6-B264-F1D748E0424E}.Debug|ARM.ActiveCfg = Debug|Any CPU
		{CF9EA96A-0A8F-47C6-B264-F1D748E0424E}.Debug|ARM.Build.0 = Debug|Any CPU
		{CF9EA96A-0A8F-47C6-B264-F1D748E0424E}.Debug|x64.ActiveCfg = Debug|Any CPU
		{CF9EA96A-0A8F-47C6-B264-F1D748E0424E}.Debug|x64.Build.0 = Debug|Any CPU
		{CF9EA96A-0A8F-47C6-B264-F1D748E0424E}.Debug|x86.ActiveCfg = Debug|Any CPU
		{CF9EA96A-0A8F-47C6-B264-F1D748E0424E}.Debug|x86.Build.0 = Debug|Any CPU
		{CF9EA96A-0A8F-47C6-B264-F1D748E0424E}.Release|Any CPU.ActiveCfg = Release|Any CPU
		{CF9EA96A-0A8F-47C6-B264-F1D748E0424E}.Release|Any CPU.Build.0 = Release|Any CPU
		{CF9EA96A-0A8F-47C6-B264-F1D748E0424E}.Release|ARM.ActiveCfg = Release|Any CPU
		{CF9EA96A-0A8F-47C6-B264-F1D748E0424E}.Release|ARM.Build.0 = Release|Any CPU
		{CF9EA96A-0A8F-47C6-B264-F1D748E0424E}.Release|x64.ActiveCfg = Release|Any CPU
		{CF9EA96A-0A8F-47C6-B264-F1D748E0424E}.Release|x64.Build.0 = Release|Any CPU
		{CF9EA96A-0A8F-47C6-B264-F1D748E0424E}.Release|x86.ActiveCfg = Release|Any CPU
		{CF9EA96A-0A8F-47C6-B264-F1D748E0424E}.Release|x86.Build.0 = Release|Any CPU
		{777A9326-543D-4F61-B3D4-7D58F61DB761}.Debug|Any CPU.ActiveCfg = Debug|Any CPU
		{777A9326-543D-4F61-B3D4-7D58F61DB761}.Debug|Any CPU.Build.0 = Debug|Any CPU
		{777A9326-543D-4F61-B3D4-7D58F61DB761}.Debug|ARM.ActiveCfg = Debug|Any CPU
		{777A9326-543D-4F61-B3D4-7D58F61DB761}.Debug|ARM.Build.0 = Debug|Any CPU
		{777A9326-543D-4F61-B3D4-7D58F61DB761}.Debug|x64.ActiveCfg = Debug|Any CPU
		{777A9326-543D-4F61-B3D4-7D58F61DB761}.Debug|x64.Build.0 = Debug|Any CPU
		{777A9326-543D-4F61-B3D4-7D58F61DB761}.Debug|x86.ActiveCfg = Debug|Any CPU
		{777A9326-543D-4F61-B3D4-7D58F61DB761}.Debug|x86.Build.0 = Debug|Any CPU
		{777A9326-543D-4F61-B3D4-7D58F61DB761}.Release|Any CPU.ActiveCfg = Release|Any CPU
		{777A9326-543D-4F61-B3D4-7D58F61DB761}.Release|Any CPU.Build.0 = Release|Any CPU
		{777A9326-543D-4F61-B3D4-7D58F61DB761}.Release|ARM.ActiveCfg = Release|Any CPU
		{777A9326-543D-4F61-B3D4-7D58F61DB761}.Release|ARM.Build.0 = Release|Any CPU
		{777A9326-543D-4F61-B3D4-7D58F61DB761}.Release|x64.ActiveCfg = Release|Any CPU
		{777A9326-543D-4F61-B3D4-7D58F61DB761}.Release|x64.Build.0 = Release|Any CPU
		{777A9326-543D-4F61-B3D4-7D58F61DB761}.Release|x86.ActiveCfg = Release|Any CPU
		{777A9326-543D-4F61-B3D4-7D58F61DB761}.Release|x86.Build.0 = Release|Any CPU
		{60BFFBB2-3262-493A-8F2B-467CEE69C745}.Debug|Any CPU.ActiveCfg = Debug|Any CPU
		{60BFFBB2-3262-493A-8F2B-467CEE69C745}.Debug|Any CPU.Build.0 = Debug|Any CPU
		{60BFFBB2-3262-493A-8F2B-467CEE69C745}.Debug|ARM.ActiveCfg = Debug|Any CPU
		{60BFFBB2-3262-493A-8F2B-467CEE69C745}.Debug|ARM.Build.0 = Debug|Any CPU
		{60BFFBB2-3262-493A-8F2B-467CEE69C745}.Debug|x64.ActiveCfg = Debug|Any CPU
		{60BFFBB2-3262-493A-8F2B-467CEE69C745}.Debug|x64.Build.0 = Debug|Any CPU
		{60BFFBB2-3262-493A-8F2B-467CEE69C745}.Debug|x86.ActiveCfg = Debug|Any CPU
		{60BFFBB2-3262-493A-8F2B-467CEE69C745}.Debug|x86.Build.0 = Debug|Any CPU
		{60BFFBB2-3262-493A-8F2B-467CEE69C745}.Release|Any CPU.ActiveCfg = Release|Any CPU
		{60BFFBB2-3262-493A-8F2B-467CEE69C745}.Release|Any CPU.Build.0 = Release|Any CPU
		{60BFFBB2-3262-493A-8F2B-467CEE69C745}.Release|ARM.ActiveCfg = Release|Any CPU
		{60BFFBB2-3262-493A-8F2B-467CEE69C745}.Release|ARM.Build.0 = Release|Any CPU
		{60BFFBB2-3262-493A-8F2B-467CEE69C745}.Release|x64.ActiveCfg = Release|Any CPU
		{60BFFBB2-3262-493A-8F2B-467CEE69C745}.Release|x64.Build.0 = Release|Any CPU
		{60BFFBB2-3262-493A-8F2B-467CEE69C745}.Release|x86.ActiveCfg = Release|Any CPU
		{60BFFBB2-3262-493A-8F2B-467CEE69C745}.Release|x86.Build.0 = Release|Any CPU
		{71C48ABB-83F1-4207-9D65-75C0134058E8}.Debug|Any CPU.ActiveCfg = Debug|Any CPU
		{71C48ABB-83F1-4207-9D65-75C0134058E8}.Debug|Any CPU.Build.0 = Debug|Any CPU
		{71C48ABB-83F1-4207-9D65-75C0134058E8}.Debug|ARM.ActiveCfg = Debug|Any CPU
		{71C48ABB-83F1-4207-9D65-75C0134058E8}.Debug|ARM.Build.0 = Debug|Any CPU
		{71C48ABB-83F1-4207-9D65-75C0134058E8}.Debug|x64.ActiveCfg = Debug|Any CPU
		{71C48ABB-83F1-4207-9D65-75C0134058E8}.Debug|x64.Build.0 = Debug|Any CPU
		{71C48ABB-83F1-4207-9D65-75C0134058E8}.Debug|x86.ActiveCfg = Debug|Any CPU
		{71C48ABB-83F1-4207-9D65-75C0134058E8}.Debug|x86.Build.0 = Debug|Any CPU
		{71C48ABB-83F1-4207-9D65-75C0134058E8}.Release|Any CPU.ActiveCfg = Release|Any CPU
		{71C48ABB-83F1-4207-9D65-75C0134058E8}.Release|Any CPU.Build.0 = Release|Any CPU
		{71C48ABB-83F1-4207-9D65-75C0134058E8}.Release|ARM.ActiveCfg = Release|Any CPU
		{71C48ABB-83F1-4207-9D65-75C0134058E8}.Release|ARM.Build.0 = Release|Any CPU
		{71C48ABB-83F1-4207-9D65-75C0134058E8}.Release|x64.ActiveCfg = Release|Any CPU
		{71C48ABB-83F1-4207-9D65-75C0134058E8}.Release|x64.Build.0 = Release|Any CPU
		{71C48ABB-83F1-4207-9D65-75C0134058E8}.Release|x86.ActiveCfg = Release|Any CPU
		{71C48ABB-83F1-4207-9D65-75C0134058E8}.Release|x86.Build.0 = Release|Any CPU
		{D9F0BBC6-C329-4E90-AD06-7934C407F692}.Debug|Any CPU.ActiveCfg = Debug|Any CPU
		{D9F0BBC6-C329-4E90-AD06-7934C407F692}.Debug|Any CPU.Build.0 = Debug|Any CPU
		{D9F0BBC6-C329-4E90-AD06-7934C407F692}.Debug|ARM.ActiveCfg = Debug|Any CPU
		{D9F0BBC6-C329-4E90-AD06-7934C407F692}.Debug|ARM.Build.0 = Debug|Any CPU
		{D9F0BBC6-C329-4E90-AD06-7934C407F692}.Debug|x64.ActiveCfg = Debug|Any CPU
		{D9F0BBC6-C329-4E90-AD06-7934C407F692}.Debug|x64.Build.0 = Debug|Any CPU
		{D9F0BBC6-C329-4E90-AD06-7934C407F692}.Debug|x86.ActiveCfg = Debug|Any CPU
		{D9F0BBC6-C329-4E90-AD06-7934C407F692}.Debug|x86.Build.0 = Debug|Any CPU
		{D9F0BBC6-C329-4E90-AD06-7934C407F692}.Release|Any CPU.ActiveCfg = Release|Any CPU
		{D9F0BBC6-C329-4E90-AD06-7934C407F692}.Release|Any CPU.Build.0 = Release|Any CPU
		{D9F0BBC6-C329-4E90-AD06-7934C407F692}.Release|ARM.ActiveCfg = Release|Any CPU
		{D9F0BBC6-C329-4E90-AD06-7934C407F692}.Release|ARM.Build.0 = Release|Any CPU
		{D9F0BBC6-C329-4E90-AD06-7934C407F692}.Release|x64.ActiveCfg = Release|Any CPU
		{D9F0BBC6-C329-4E90-AD06-7934C407F692}.Release|x64.Build.0 = Release|Any CPU
		{D9F0BBC6-C329-4E90-AD06-7934C407F692}.Release|x86.ActiveCfg = Release|Any CPU
		{D9F0BBC6-C329-4E90-AD06-7934C407F692}.Release|x86.Build.0 = Release|Any CPU
		{C76EFD01-8A8E-4B1F-8ED7-44574AC9AB36}.Debug|Any CPU.ActiveCfg = Debug|Any CPU
		{C76EFD01-8A8E-4B1F-8ED7-44574AC9AB36}.Debug|Any CPU.Build.0 = Debug|Any CPU
		{C76EFD01-8A8E-4B1F-8ED7-44574AC9AB36}.Debug|ARM.ActiveCfg = Debug|Any CPU
		{C76EFD01-8A8E-4B1F-8ED7-44574AC9AB36}.Debug|ARM.Build.0 = Debug|Any CPU
		{C76EFD01-8A8E-4B1F-8ED7-44574AC9AB36}.Debug|x64.ActiveCfg = Debug|Any CPU
		{C76EFD01-8A8E-4B1F-8ED7-44574AC9AB36}.Debug|x64.Build.0 = Debug|Any CPU
		{C76EFD01-8A8E-4B1F-8ED7-44574AC9AB36}.Debug|x86.ActiveCfg = Debug|Any CPU
		{C76EFD01-8A8E-4B1F-8ED7-44574AC9AB36}.Debug|x86.Build.0 = Debug|Any CPU
		{C76EFD01-8A8E-4B1F-8ED7-44574AC9AB36}.Release|Any CPU.ActiveCfg = Release|Any CPU
		{C76EFD01-8A8E-4B1F-8ED7-44574AC9AB36}.Release|Any CPU.Build.0 = Release|Any CPU
		{C76EFD01-8A8E-4B1F-8ED7-44574AC9AB36}.Release|ARM.ActiveCfg = Release|Any CPU
		{C76EFD01-8A8E-4B1F-8ED7-44574AC9AB36}.Release|ARM.Build.0 = Release|Any CPU
		{C76EFD01-8A8E-4B1F-8ED7-44574AC9AB36}.Release|x64.ActiveCfg = Release|Any CPU
		{C76EFD01-8A8E-4B1F-8ED7-44574AC9AB36}.Release|x64.Build.0 = Release|Any CPU
		{C76EFD01-8A8E-4B1F-8ED7-44574AC9AB36}.Release|x86.ActiveCfg = Release|Any CPU
		{C76EFD01-8A8E-4B1F-8ED7-44574AC9AB36}.Release|x86.Build.0 = Release|Any CPU
		{BA39E0C7-1F6D-46FC-8533-56AD99E3BDF7}.Debug|Any CPU.ActiveCfg = Debug|Any CPU
		{BA39E0C7-1F6D-46FC-8533-56AD99E3BDF7}.Debug|Any CPU.Build.0 = Debug|Any CPU
		{BA39E0C7-1F6D-46FC-8533-56AD99E3BDF7}.Debug|ARM.ActiveCfg = Debug|Any CPU
		{BA39E0C7-1F6D-46FC-8533-56AD99E3BDF7}.Debug|ARM.Build.0 = Debug|Any CPU
		{BA39E0C7-1F6D-46FC-8533-56AD99E3BDF7}.Debug|x64.ActiveCfg = Debug|Any CPU
		{BA39E0C7-1F6D-46FC-8533-56AD99E3BDF7}.Debug|x64.Build.0 = Debug|Any CPU
		{BA39E0C7-1F6D-46FC-8533-56AD99E3BDF7}.Debug|x86.ActiveCfg = Debug|Any CPU
		{BA39E0C7-1F6D-46FC-8533-56AD99E3BDF7}.Debug|x86.Build.0 = Debug|Any CPU
		{BA39E0C7-1F6D-46FC-8533-56AD99E3BDF7}.Release|Any CPU.ActiveCfg = Release|Any CPU
		{BA39E0C7-1F6D-46FC-8533-56AD99E3BDF7}.Release|Any CPU.Build.0 = Release|Any CPU
		{BA39E0C7-1F6D-46FC-8533-56AD99E3BDF7}.Release|ARM.ActiveCfg = Release|Any CPU
		{BA39E0C7-1F6D-46FC-8533-56AD99E3BDF7}.Release|ARM.Build.0 = Release|Any CPU
		{BA39E0C7-1F6D-46FC-8533-56AD99E3BDF7}.Release|x64.ActiveCfg = Release|Any CPU
		{BA39E0C7-1F6D-46FC-8533-56AD99E3BDF7}.Release|x64.Build.0 = Release|Any CPU
		{BA39E0C7-1F6D-46FC-8533-56AD99E3BDF7}.Release|x86.ActiveCfg = Release|Any CPU
		{BA39E0C7-1F6D-46FC-8533-56AD99E3BDF7}.Release|x86.Build.0 = Release|Any CPU
		{236810FD-BC3E-4918-A689-3DCE64828B80}.Debug|Any CPU.ActiveCfg = Debug|Any CPU
		{236810FD-BC3E-4918-A689-3DCE64828B80}.Debug|Any CPU.Build.0 = Debug|Any CPU
		{236810FD-BC3E-4918-A689-3DCE64828B80}.Debug|ARM.ActiveCfg = Debug|Any CPU
		{236810FD-BC3E-4918-A689-3DCE64828B80}.Debug|ARM.Build.0 = Debug|Any CPU
		{236810FD-BC3E-4918-A689-3DCE64828B80}.Debug|x64.ActiveCfg = Debug|Any CPU
		{236810FD-BC3E-4918-A689-3DCE64828B80}.Debug|x64.Build.0 = Debug|Any CPU
		{236810FD-BC3E-4918-A689-3DCE64828B80}.Debug|x86.ActiveCfg = Debug|Any CPU
		{236810FD-BC3E-4918-A689-3DCE64828B80}.Debug|x86.Build.0 = Debug|Any CPU
		{236810FD-BC3E-4918-A689-3DCE64828B80}.Release|Any CPU.ActiveCfg = Release|Any CPU
		{236810FD-BC3E-4918-A689-3DCE64828B80}.Release|Any CPU.Build.0 = Release|Any CPU
		{236810FD-BC3E-4918-A689-3DCE64828B80}.Release|ARM.ActiveCfg = Release|Any CPU
		{236810FD-BC3E-4918-A689-3DCE64828B80}.Release|ARM.Build.0 = Release|Any CPU
		{236810FD-BC3E-4918-A689-3DCE64828B80}.Release|x64.ActiveCfg = Release|Any CPU
		{236810FD-BC3E-4918-A689-3DCE64828B80}.Release|x64.Build.0 = Release|Any CPU
		{236810FD-BC3E-4918-A689-3DCE64828B80}.Release|x86.ActiveCfg = Release|Any CPU
		{236810FD-BC3E-4918-A689-3DCE64828B80}.Release|x86.Build.0 = Release|Any CPU
		{AF9F7548-54C2-4C26-88F5-7C49F72071E1}.Debug|Any CPU.ActiveCfg = Debug|Any CPU
		{AF9F7548-54C2-4C26-88F5-7C49F72071E1}.Debug|Any CPU.Build.0 = Debug|Any CPU
		{AF9F7548-54C2-4C26-88F5-7C49F72071E1}.Debug|ARM.ActiveCfg = Debug|Any CPU
		{AF9F7548-54C2-4C26-88F5-7C49F72071E1}.Debug|ARM.Build.0 = Debug|Any CPU
		{AF9F7548-54C2-4C26-88F5-7C49F72071E1}.Debug|x64.ActiveCfg = Debug|Any CPU
		{AF9F7548-54C2-4C26-88F5-7C49F72071E1}.Debug|x64.Build.0 = Debug|Any CPU
		{AF9F7548-54C2-4C26-88F5-7C49F72071E1}.Debug|x86.ActiveCfg = Debug|Any CPU
		{AF9F7548-54C2-4C26-88F5-7C49F72071E1}.Debug|x86.Build.0 = Debug|Any CPU
		{AF9F7548-54C2-4C26-88F5-7C49F72071E1}.Release|Any CPU.ActiveCfg = Release|Any CPU
		{AF9F7548-54C2-4C26-88F5-7C49F72071E1}.Release|Any CPU.Build.0 = Release|Any CPU
		{AF9F7548-54C2-4C26-88F5-7C49F72071E1}.Release|ARM.ActiveCfg = Release|Any CPU
		{AF9F7548-54C2-4C26-88F5-7C49F72071E1}.Release|ARM.Build.0 = Release|Any CPU
		{AF9F7548-54C2-4C26-88F5-7C49F72071E1}.Release|x64.ActiveCfg = Release|Any CPU
		{AF9F7548-54C2-4C26-88F5-7C49F72071E1}.Release|x64.Build.0 = Release|Any CPU
		{AF9F7548-54C2-4C26-88F5-7C49F72071E1}.Release|x86.ActiveCfg = Release|Any CPU
		{AF9F7548-54C2-4C26-88F5-7C49F72071E1}.Release|x86.Build.0 = Release|Any CPU
		{A04E25BB-8B26-4A60-B59F-590CD699C3FC}.Debug|Any CPU.ActiveCfg = Debug|Any CPU
		{A04E25BB-8B26-4A60-B59F-590CD699C3FC}.Debug|Any CPU.Build.0 = Debug|Any CPU
		{A04E25BB-8B26-4A60-B59F-590CD699C3FC}.Debug|ARM.ActiveCfg = Debug|Any CPU
		{A04E25BB-8B26-4A60-B59F-590CD699C3FC}.Debug|ARM.Build.0 = Debug|Any CPU
		{A04E25BB-8B26-4A60-B59F-590CD699C3FC}.Debug|x64.ActiveCfg = Debug|Any CPU
		{A04E25BB-8B26-4A60-B59F-590CD699C3FC}.Debug|x64.Build.0 = Debug|Any CPU
		{A04E25BB-8B26-4A60-B59F-590CD699C3FC}.Debug|x86.ActiveCfg = Debug|Any CPU
		{A04E25BB-8B26-4A60-B59F-590CD699C3FC}.Debug|x86.Build.0 = Debug|Any CPU
		{A04E25BB-8B26-4A60-B59F-590CD699C3FC}.Release|Any CPU.ActiveCfg = Release|Any CPU
		{A04E25BB-8B26-4A60-B59F-590CD699C3FC}.Release|Any CPU.Build.0 = Release|Any CPU
		{A04E25BB-8B26-4A60-B59F-590CD699C3FC}.Release|ARM.ActiveCfg = Release|Any CPU
		{A04E25BB-8B26-4A60-B59F-590CD699C3FC}.Release|ARM.Build.0 = Release|Any CPU
		{A04E25BB-8B26-4A60-B59F-590CD699C3FC}.Release|x64.ActiveCfg = Release|Any CPU
		{A04E25BB-8B26-4A60-B59F-590CD699C3FC}.Release|x64.Build.0 = Release|Any CPU
		{A04E25BB-8B26-4A60-B59F-590CD699C3FC}.Release|x86.ActiveCfg = Release|Any CPU
		{A04E25BB-8B26-4A60-B59F-590CD699C3FC}.Release|x86.Build.0 = Release|Any CPU
		{8D212F60-255E-4770-B073-252F103906D6}.Debug|Any CPU.ActiveCfg = Debug|Any CPU
		{8D212F60-255E-4770-B073-252F103906D6}.Debug|Any CPU.Build.0 = Debug|Any CPU
		{8D212F60-255E-4770-B073-252F103906D6}.Debug|ARM.ActiveCfg = Debug|Any CPU
		{8D212F60-255E-4770-B073-252F103906D6}.Debug|ARM.Build.0 = Debug|Any CPU
		{8D212F60-255E-4770-B073-252F103906D6}.Debug|x64.ActiveCfg = Debug|Any CPU
		{8D212F60-255E-4770-B073-252F103906D6}.Debug|x64.Build.0 = Debug|Any CPU
		{8D212F60-255E-4770-B073-252F103906D6}.Debug|x86.ActiveCfg = Debug|Any CPU
		{8D212F60-255E-4770-B073-252F103906D6}.Debug|x86.Build.0 = Debug|Any CPU
		{8D212F60-255E-4770-B073-252F103906D6}.Release|Any CPU.ActiveCfg = Release|Any CPU
		{8D212F60-255E-4770-B073-252F103906D6}.Release|Any CPU.Build.0 = Release|Any CPU
		{8D212F60-255E-4770-B073-252F103906D6}.Release|ARM.ActiveCfg = Release|Any CPU
		{8D212F60-255E-4770-B073-252F103906D6}.Release|ARM.Build.0 = Release|Any CPU
		{8D212F60-255E-4770-B073-252F103906D6}.Release|x64.ActiveCfg = Release|Any CPU
		{8D212F60-255E-4770-B073-252F103906D6}.Release|x64.Build.0 = Release|Any CPU
		{8D212F60-255E-4770-B073-252F103906D6}.Release|x86.ActiveCfg = Release|Any CPU
		{8D212F60-255E-4770-B073-252F103906D6}.Release|x86.Build.0 = Release|Any CPU
		{2C2593CF-81FD-47F5-806C-0D4EED2A82E4}.Debug|Any CPU.ActiveCfg = Debug|Any CPU
		{2C2593CF-81FD-47F5-806C-0D4EED2A82E4}.Debug|Any CPU.Build.0 = Debug|Any CPU
		{2C2593CF-81FD-47F5-806C-0D4EED2A82E4}.Debug|ARM.ActiveCfg = Debug|Any CPU
		{2C2593CF-81FD-47F5-806C-0D4EED2A82E4}.Debug|ARM.Build.0 = Debug|Any CPU
		{2C2593CF-81FD-47F5-806C-0D4EED2A82E4}.Debug|x64.ActiveCfg = Debug|Any CPU
		{2C2593CF-81FD-47F5-806C-0D4EED2A82E4}.Debug|x64.Build.0 = Debug|Any CPU
		{2C2593CF-81FD-47F5-806C-0D4EED2A82E4}.Debug|x86.ActiveCfg = Debug|Any CPU
		{2C2593CF-81FD-47F5-806C-0D4EED2A82E4}.Debug|x86.Build.0 = Debug|Any CPU
		{2C2593CF-81FD-47F5-806C-0D4EED2A82E4}.Release|Any CPU.ActiveCfg = Release|Any CPU
		{2C2593CF-81FD-47F5-806C-0D4EED2A82E4}.Release|Any CPU.Build.0 = Release|Any CPU
		{2C2593CF-81FD-47F5-806C-0D4EED2A82E4}.Release|ARM.ActiveCfg = Release|Any CPU
		{2C2593CF-81FD-47F5-806C-0D4EED2A82E4}.Release|ARM.Build.0 = Release|Any CPU
		{2C2593CF-81FD-47F5-806C-0D4EED2A82E4}.Release|x64.ActiveCfg = Release|Any CPU
		{2C2593CF-81FD-47F5-806C-0D4EED2A82E4}.Release|x64.Build.0 = Release|Any CPU
		{2C2593CF-81FD-47F5-806C-0D4EED2A82E4}.Release|x86.ActiveCfg = Release|Any CPU
		{2C2593CF-81FD-47F5-806C-0D4EED2A82E4}.Release|x86.Build.0 = Release|Any CPU
		{43F4892A-44AE-47C4-80C5-F53A9D8181AD}.Debug|Any CPU.ActiveCfg = Debug|Any CPU
		{43F4892A-44AE-47C4-80C5-F53A9D8181AD}.Debug|Any CPU.Build.0 = Debug|Any CPU
		{43F4892A-44AE-47C4-80C5-F53A9D8181AD}.Debug|ARM.ActiveCfg = Debug|Any CPU
		{43F4892A-44AE-47C4-80C5-F53A9D8181AD}.Debug|ARM.Build.0 = Debug|Any CPU
		{43F4892A-44AE-47C4-80C5-F53A9D8181AD}.Debug|x64.ActiveCfg = Debug|Any CPU
		{43F4892A-44AE-47C4-80C5-F53A9D8181AD}.Debug|x64.Build.0 = Debug|Any CPU
		{43F4892A-44AE-47C4-80C5-F53A9D8181AD}.Debug|x86.ActiveCfg = Debug|Any CPU
		{43F4892A-44AE-47C4-80C5-F53A9D8181AD}.Debug|x86.Build.0 = Debug|Any CPU
		{43F4892A-44AE-47C4-80C5-F53A9D8181AD}.Release|Any CPU.ActiveCfg = Release|Any CPU
		{43F4892A-44AE-47C4-80C5-F53A9D8181AD}.Release|Any CPU.Build.0 = Release|Any CPU
		{43F4892A-44AE-47C4-80C5-F53A9D8181AD}.Release|ARM.ActiveCfg = Release|Any CPU
		{43F4892A-44AE-47C4-80C5-F53A9D8181AD}.Release|ARM.Build.0 = Release|Any CPU
		{43F4892A-44AE-47C4-80C5-F53A9D8181AD}.Release|x64.ActiveCfg = Release|Any CPU
		{43F4892A-44AE-47C4-80C5-F53A9D8181AD}.Release|x64.Build.0 = Release|Any CPU
		{43F4892A-44AE-47C4-80C5-F53A9D8181AD}.Release|x86.ActiveCfg = Release|Any CPU
		{43F4892A-44AE-47C4-80C5-F53A9D8181AD}.Release|x86.Build.0 = Release|Any CPU
		{BA10028F-7622-40D3-9C58-EBE8578EE779}.Debug|Any CPU.ActiveCfg = Debug|Any CPU
		{BA10028F-7622-40D3-9C58-EBE8578EE779}.Debug|Any CPU.Build.0 = Debug|Any CPU
		{BA10028F-7622-40D3-9C58-EBE8578EE779}.Debug|ARM.ActiveCfg = Debug|Any CPU
		{BA10028F-7622-40D3-9C58-EBE8578EE779}.Debug|ARM.Build.0 = Debug|Any CPU
		{BA10028F-7622-40D3-9C58-EBE8578EE779}.Debug|x64.ActiveCfg = Debug|Any CPU
		{BA10028F-7622-40D3-9C58-EBE8578EE779}.Debug|x64.Build.0 = Debug|Any CPU
		{BA10028F-7622-40D3-9C58-EBE8578EE779}.Debug|x86.ActiveCfg = Debug|Any CPU
		{BA10028F-7622-40D3-9C58-EBE8578EE779}.Debug|x86.Build.0 = Debug|Any CPU
		{BA10028F-7622-40D3-9C58-EBE8578EE779}.Release|Any CPU.ActiveCfg = Release|Any CPU
		{BA10028F-7622-40D3-9C58-EBE8578EE779}.Release|Any CPU.Build.0 = Release|Any CPU
		{BA10028F-7622-40D3-9C58-EBE8578EE779}.Release|ARM.ActiveCfg = Release|Any CPU
		{BA10028F-7622-40D3-9C58-EBE8578EE779}.Release|ARM.Build.0 = Release|Any CPU
		{BA10028F-7622-40D3-9C58-EBE8578EE779}.Release|x64.ActiveCfg = Release|Any CPU
		{BA10028F-7622-40D3-9C58-EBE8578EE779}.Release|x64.Build.0 = Release|Any CPU
		{BA10028F-7622-40D3-9C58-EBE8578EE779}.Release|x86.ActiveCfg = Release|Any CPU
		{BA10028F-7622-40D3-9C58-EBE8578EE779}.Release|x86.Build.0 = Release|Any CPU
		{3C56A854-F206-47B2-823D-2F9150762924}.Debug|Any CPU.ActiveCfg = Debug|Any CPU
		{3C56A854-F206-47B2-823D-2F9150762924}.Debug|Any CPU.Build.0 = Debug|Any CPU
		{3C56A854-F206-47B2-823D-2F9150762924}.Debug|ARM.ActiveCfg = Debug|Any CPU
		{3C56A854-F206-47B2-823D-2F9150762924}.Debug|ARM.Build.0 = Debug|Any CPU
		{3C56A854-F206-47B2-823D-2F9150762924}.Debug|x64.ActiveCfg = Debug|Any CPU
		{3C56A854-F206-47B2-823D-2F9150762924}.Debug|x64.Build.0 = Debug|Any CPU
		{3C56A854-F206-47B2-823D-2F9150762924}.Debug|x86.ActiveCfg = Debug|Any CPU
		{3C56A854-F206-47B2-823D-2F9150762924}.Debug|x86.Build.0 = Debug|Any CPU
		{3C56A854-F206-47B2-823D-2F9150762924}.Release|Any CPU.ActiveCfg = Release|Any CPU
		{3C56A854-F206-47B2-823D-2F9150762924}.Release|Any CPU.Build.0 = Release|Any CPU
		{3C56A854-F206-47B2-823D-2F9150762924}.Release|ARM.ActiveCfg = Release|Any CPU
		{3C56A854-F206-47B2-823D-2F9150762924}.Release|ARM.Build.0 = Release|Any CPU
		{3C56A854-F206-47B2-823D-2F9150762924}.Release|x64.ActiveCfg = Release|Any CPU
		{3C56A854-F206-47B2-823D-2F9150762924}.Release|x64.Build.0 = Release|Any CPU
		{3C56A854-F206-47B2-823D-2F9150762924}.Release|x86.ActiveCfg = Release|Any CPU
		{3C56A854-F206-47B2-823D-2F9150762924}.Release|x86.Build.0 = Release|Any CPU
		{C30595D2-5DB3-4B8C-8025-24DAB14C73E7}.Debug|Any CPU.ActiveCfg = Debug|Any CPU
		{C30595D2-5DB3-4B8C-8025-24DAB14C73E7}.Debug|Any CPU.Build.0 = Debug|Any CPU
		{C30595D2-5DB3-4B8C-8025-24DAB14C73E7}.Debug|ARM.ActiveCfg = Debug|Any CPU
		{C30595D2-5DB3-4B8C-8025-24DAB14C73E7}.Debug|ARM.Build.0 = Debug|Any CPU
		{C30595D2-5DB3-4B8C-8025-24DAB14C73E7}.Debug|x64.ActiveCfg = Debug|Any CPU
		{C30595D2-5DB3-4B8C-8025-24DAB14C73E7}.Debug|x64.Build.0 = Debug|Any CPU
		{C30595D2-5DB3-4B8C-8025-24DAB14C73E7}.Debug|x86.ActiveCfg = Debug|Any CPU
		{C30595D2-5DB3-4B8C-8025-24DAB14C73E7}.Debug|x86.Build.0 = Debug|Any CPU
		{C30595D2-5DB3-4B8C-8025-24DAB14C73E7}.Release|Any CPU.ActiveCfg = Release|Any CPU
		{C30595D2-5DB3-4B8C-8025-24DAB14C73E7}.Release|Any CPU.Build.0 = Release|Any CPU
		{C30595D2-5DB3-4B8C-8025-24DAB14C73E7}.Release|ARM.ActiveCfg = Release|Any CPU
		{C30595D2-5DB3-4B8C-8025-24DAB14C73E7}.Release|ARM.Build.0 = Release|Any CPU
		{C30595D2-5DB3-4B8C-8025-24DAB14C73E7}.Release|x64.ActiveCfg = Release|Any CPU
		{C30595D2-5DB3-4B8C-8025-24DAB14C73E7}.Release|x64.Build.0 = Release|Any CPU
		{C30595D2-5DB3-4B8C-8025-24DAB14C73E7}.Release|x86.ActiveCfg = Release|Any CPU
		{C30595D2-5DB3-4B8C-8025-24DAB14C73E7}.Release|x86.Build.0 = Release|Any CPU
		{63007E6B-D9C0-48F4-B8E2-8C6C87738F57}.Debug|Any CPU.ActiveCfg = Debug|Any CPU
		{63007E6B-D9C0-48F4-B8E2-8C6C87738F57}.Debug|Any CPU.Build.0 = Debug|Any CPU
		{63007E6B-D9C0-48F4-B8E2-8C6C87738F57}.Debug|ARM.ActiveCfg = Debug|Any CPU
		{63007E6B-D9C0-48F4-B8E2-8C6C87738F57}.Debug|ARM.Build.0 = Debug|Any CPU
		{63007E6B-D9C0-48F4-B8E2-8C6C87738F57}.Debug|x64.ActiveCfg = Debug|Any CPU
		{63007E6B-D9C0-48F4-B8E2-8C6C87738F57}.Debug|x64.Build.0 = Debug|Any CPU
		{63007E6B-D9C0-48F4-B8E2-8C6C87738F57}.Debug|x86.ActiveCfg = Debug|Any CPU
		{63007E6B-D9C0-48F4-B8E2-8C6C87738F57}.Debug|x86.Build.0 = Debug|Any CPU
		{63007E6B-D9C0-48F4-B8E2-8C6C87738F57}.Release|Any CPU.ActiveCfg = Release|Any CPU
		{63007E6B-D9C0-48F4-B8E2-8C6C87738F57}.Release|Any CPU.Build.0 = Release|Any CPU
		{63007E6B-D9C0-48F4-B8E2-8C6C87738F57}.Release|ARM.ActiveCfg = Release|Any CPU
		{63007E6B-D9C0-48F4-B8E2-8C6C87738F57}.Release|ARM.Build.0 = Release|Any CPU
		{63007E6B-D9C0-48F4-B8E2-8C6C87738F57}.Release|x64.ActiveCfg = Release|Any CPU
		{63007E6B-D9C0-48F4-B8E2-8C6C87738F57}.Release|x64.Build.0 = Release|Any CPU
		{63007E6B-D9C0-48F4-B8E2-8C6C87738F57}.Release|x86.ActiveCfg = Release|Any CPU
		{63007E6B-D9C0-48F4-B8E2-8C6C87738F57}.Release|x86.Build.0 = Release|Any CPU
		{74FE6E72-6138-49A2-91BC-9B282F0514BF}.Debug|Any CPU.ActiveCfg = Debug|Any CPU
		{74FE6E72-6138-49A2-91BC-9B282F0514BF}.Debug|Any CPU.Build.0 = Debug|Any CPU
		{74FE6E72-6138-49A2-91BC-9B282F0514BF}.Debug|ARM.ActiveCfg = Debug|Any CPU
		{74FE6E72-6138-49A2-91BC-9B282F0514BF}.Debug|ARM.Build.0 = Debug|Any CPU
		{74FE6E72-6138-49A2-91BC-9B282F0514BF}.Debug|x64.ActiveCfg = Debug|Any CPU
		{74FE6E72-6138-49A2-91BC-9B282F0514BF}.Debug|x64.Build.0 = Debug|Any CPU
		{74FE6E72-6138-49A2-91BC-9B282F0514BF}.Debug|x86.ActiveCfg = Debug|Any CPU
		{74FE6E72-6138-49A2-91BC-9B282F0514BF}.Debug|x86.Build.0 = Debug|Any CPU
		{74FE6E72-6138-49A2-91BC-9B282F0514BF}.Release|Any CPU.ActiveCfg = Release|Any CPU
		{74FE6E72-6138-49A2-91BC-9B282F0514BF}.Release|Any CPU.Build.0 = Release|Any CPU
		{74FE6E72-6138-49A2-91BC-9B282F0514BF}.Release|ARM.ActiveCfg = Release|Any CPU
		{74FE6E72-6138-49A2-91BC-9B282F0514BF}.Release|ARM.Build.0 = Release|Any CPU
		{74FE6E72-6138-49A2-91BC-9B282F0514BF}.Release|x64.ActiveCfg = Release|Any CPU
		{74FE6E72-6138-49A2-91BC-9B282F0514BF}.Release|x64.Build.0 = Release|Any CPU
		{74FE6E72-6138-49A2-91BC-9B282F0514BF}.Release|x86.ActiveCfg = Release|Any CPU
		{74FE6E72-6138-49A2-91BC-9B282F0514BF}.Release|x86.Build.0 = Release|Any CPU
		{0E5968E7-9AE8-4A90-B9B9-D693ED22F0DF}.Debug|Any CPU.ActiveCfg = Debug|Any CPU
		{0E5968E7-9AE8-4A90-B9B9-D693ED22F0DF}.Debug|Any CPU.Build.0 = Debug|Any CPU
		{0E5968E7-9AE8-4A90-B9B9-D693ED22F0DF}.Debug|ARM.ActiveCfg = Debug|Any CPU
		{0E5968E7-9AE8-4A90-B9B9-D693ED22F0DF}.Debug|ARM.Build.0 = Debug|Any CPU
		{0E5968E7-9AE8-4A90-B9B9-D693ED22F0DF}.Debug|x64.ActiveCfg = Debug|Any CPU
		{0E5968E7-9AE8-4A90-B9B9-D693ED22F0DF}.Debug|x64.Build.0 = Debug|Any CPU
		{0E5968E7-9AE8-4A90-B9B9-D693ED22F0DF}.Debug|x86.ActiveCfg = Debug|Any CPU
		{0E5968E7-9AE8-4A90-B9B9-D693ED22F0DF}.Debug|x86.Build.0 = Debug|Any CPU
		{0E5968E7-9AE8-4A90-B9B9-D693ED22F0DF}.Release|Any CPU.ActiveCfg = Release|Any CPU
		{0E5968E7-9AE8-4A90-B9B9-D693ED22F0DF}.Release|Any CPU.Build.0 = Release|Any CPU
		{0E5968E7-9AE8-4A90-B9B9-D693ED22F0DF}.Release|ARM.ActiveCfg = Release|Any CPU
		{0E5968E7-9AE8-4A90-B9B9-D693ED22F0DF}.Release|ARM.Build.0 = Release|Any CPU
		{0E5968E7-9AE8-4A90-B9B9-D693ED22F0DF}.Release|x64.ActiveCfg = Release|Any CPU
		{0E5968E7-9AE8-4A90-B9B9-D693ED22F0DF}.Release|x64.Build.0 = Release|Any CPU
		{0E5968E7-9AE8-4A90-B9B9-D693ED22F0DF}.Release|x86.ActiveCfg = Release|Any CPU
		{0E5968E7-9AE8-4A90-B9B9-D693ED22F0DF}.Release|x86.Build.0 = Release|Any CPU
		{9DE05DD1-65E9-448D-9036-1EEDD1302200}.Debug|Any CPU.ActiveCfg = Debug|Any CPU
		{9DE05DD1-65E9-448D-9036-1EEDD1302200}.Debug|Any CPU.Build.0 = Debug|Any CPU
		{9DE05DD1-65E9-448D-9036-1EEDD1302200}.Debug|ARM.ActiveCfg = Debug|Any CPU
		{9DE05DD1-65E9-448D-9036-1EEDD1302200}.Debug|ARM.Build.0 = Debug|Any CPU
		{9DE05DD1-65E9-448D-9036-1EEDD1302200}.Debug|x64.ActiveCfg = Debug|Any CPU
		{9DE05DD1-65E9-448D-9036-1EEDD1302200}.Debug|x64.Build.0 = Debug|Any CPU
		{9DE05DD1-65E9-448D-9036-1EEDD1302200}.Debug|x86.ActiveCfg = Debug|Any CPU
		{9DE05DD1-65E9-448D-9036-1EEDD1302200}.Debug|x86.Build.0 = Debug|Any CPU
		{9DE05DD1-65E9-448D-9036-1EEDD1302200}.Release|Any CPU.ActiveCfg = Release|Any CPU
		{9DE05DD1-65E9-448D-9036-1EEDD1302200}.Release|Any CPU.Build.0 = Release|Any CPU
		{9DE05DD1-65E9-448D-9036-1EEDD1302200}.Release|ARM.ActiveCfg = Release|Any CPU
		{9DE05DD1-65E9-448D-9036-1EEDD1302200}.Release|ARM.Build.0 = Release|Any CPU
		{9DE05DD1-65E9-448D-9036-1EEDD1302200}.Release|x64.ActiveCfg = Release|Any CPU
		{9DE05DD1-65E9-448D-9036-1EEDD1302200}.Release|x64.Build.0 = Release|Any CPU
		{9DE05DD1-65E9-448D-9036-1EEDD1302200}.Release|x86.ActiveCfg = Release|Any CPU
		{9DE05DD1-65E9-448D-9036-1EEDD1302200}.Release|x86.Build.0 = Release|Any CPU
		{41951663-3125-4127-B586-164C061ACCD1}.Debug|Any CPU.ActiveCfg = Debug|Any CPU
		{41951663-3125-4127-B586-164C061ACCD1}.Debug|Any CPU.Build.0 = Debug|Any CPU
		{41951663-3125-4127-B586-164C061ACCD1}.Debug|ARM.ActiveCfg = Debug|Any CPU
		{41951663-3125-4127-B586-164C061ACCD1}.Debug|ARM.Build.0 = Debug|Any CPU
		{41951663-3125-4127-B586-164C061ACCD1}.Debug|x64.ActiveCfg = Debug|Any CPU
		{41951663-3125-4127-B586-164C061ACCD1}.Debug|x64.Build.0 = Debug|Any CPU
		{41951663-3125-4127-B586-164C061ACCD1}.Debug|x86.ActiveCfg = Debug|Any CPU
		{41951663-3125-4127-B586-164C061ACCD1}.Debug|x86.Build.0 = Debug|Any CPU
		{41951663-3125-4127-B586-164C061ACCD1}.Release|Any CPU.ActiveCfg = Release|Any CPU
		{41951663-3125-4127-B586-164C061ACCD1}.Release|Any CPU.Build.0 = Release|Any CPU
		{41951663-3125-4127-B586-164C061ACCD1}.Release|ARM.ActiveCfg = Release|Any CPU
		{41951663-3125-4127-B586-164C061ACCD1}.Release|ARM.Build.0 = Release|Any CPU
		{41951663-3125-4127-B586-164C061ACCD1}.Release|x64.ActiveCfg = Release|Any CPU
		{41951663-3125-4127-B586-164C061ACCD1}.Release|x64.Build.0 = Release|Any CPU
		{41951663-3125-4127-B586-164C061ACCD1}.Release|x86.ActiveCfg = Release|Any CPU
		{41951663-3125-4127-B586-164C061ACCD1}.Release|x86.Build.0 = Release|Any CPU
	EndGlobalSection
	GlobalSection(SolutionProperties) = preSolution
		HideSolutionNode = FALSE
	EndGlobalSection
	GlobalSection(ExtensibilityGlobals) = postSolution
		SolutionGuid = {D5BA1977-F0F6-4486-937A-362B9425A45D}
	EndGlobalSection
EndGlobal
