
Microsoft Visual Studio Solution File, Format Version 12.00
# Visual Studio 15
VisualStudioVersion = 15.0.26730.12
MinimumVisualStudioVersion = 10.0.40219.1
Project("{8BC9CEB8-8B4A-11D0-8D11-00A0C91BC942}") = "morzev3", "morzev3\morzev3.vcxproj", "{C1CCDE71-3270-4329-B789-A847A06AF779}"
EndProject
Global
	GlobalSection(SolutionConfigurationPlatforms) = preSolution
		Debug|x64 = Debug|x64
		Debug|x86 = Debug|x86
		Release|x64 = Release|x64
		Release|x86 = Release|x86
	EndGlobalSection
	GlobalSection(ProjectConfigurationPlatforms) = postSolution
		{C1CCDE71-3270-4329-B789-A847A06AF779}.Debug|x64.ActiveCfg = Debug|x64
		{C1CCDE71-3270-4329-B789-A847A06AF779}.Debug|x64.Build.0 = Debug|x64
		{C1CCDE71-3270-4329-B789-A847A06AF779}.Debug|x86.ActiveCfg = Debug|Win32
		{C1CCDE71-3270-4329-B789-A847A06AF779}.Debug|x86.Build.0 = Debug|Win32
		{C1CCDE71-3270-4329-B789-A847A06AF779}.Release|x64.ActiveCfg = Release|x64
		{C1CCDE71-3270-4329-B789-A847A06AF779}.Release|x64.Build.0 = Release|x64
		{C1CCDE71-3270-4329-B789-A847A06AF779}.Release|x86.ActiveCfg = Release|Win32
		{C1CCDE71-3270-4329-B789-A847A06AF779}.Release|x86.Build.0 = Release|Win32
	EndGlobalSection
	GlobalSection(SolutionProperties) = preSolution
		HideSolutionNode = FALSE
	EndGlobalSection
	GlobalSection(ExtensibilityGlobals) = postSolution
		SolutionGuid = {D196968B-239F-4011-84C2-D31276274D8B}
	EndGlobalSection
EndGlobal
